
Microsoft Visual Studio Solution File, Format Version 12.00
# Visual Studio 15
VisualStudioVersion = 15.0.25928.0
MinimumVisualStudioVersion = 10.0.40219.1
Project("{8BC9CEB8-8B4A-11D0-8D11-00A0C91BC942}") = "floor", "floor.vcxproj", "{99D60AA7-75A7-470D-B53F-E0A57355D142}"
EndProject
Global
	GlobalSection(SolutionConfigurationPlatforms) = preSolution
		Debug_c2|x86 = Debug_c2|x86
		Debug_net_c2|x86 = Debug_net_c2|x86
		Debug_net|x86 = Debug_net|x86
		Debug|x86 = Debug|x86
		Release_c2|x86 = Release_c2|x86
		Release_net_c2|x86 = Release_net_c2|x86
		Release_net|x86 = Release_net|x86
		Release|x86 = Release|x86
	EndGlobalSection
	GlobalSection(ProjectConfigurationPlatforms) = postSolution
		{99D60AA7-75A7-470D-B53F-E0A57355D142}.Debug_c2|x86.ActiveCfg = Debug_c2|Win32
		{99D60AA7-75A7-470D-B53F-E0A57355D142}.Debug_c2|x86.Build.0 = Debug_c2|Win32
		{99D60AA7-75A7-470D-B53F-E0A57355D142}.Debug_net_c2|x86.ActiveCfg = Debug_net_c2|Win32
		{99D60AA7-75A7-470D-B53F-E0A57355D142}.Debug_net_c2|x86.Build.0 = Debug_net_c2|Win32
		{99D60AA7-75A7-470D-B53F-E0A57355D142}.Debug_net|x86.ActiveCfg = Debug_net|Win32
		{99D60AA7-75A7-470D-B53F-E0A57355D142}.Debug_net|x86.Build.0 = Debug_net|Win32
		{99D60AA7-75A7-470D-B53F-E0A57355D142}.Debug|x86.ActiveCfg = Debug|Win32
		{99D60AA7-75A7-470D-B53F-E0A57355D142}.Debug|x86.Build.0 = Debug|Win32
		{99D60AA7-75A7-470D-B53F-E0A57355D142}.Release_c2|x86.ActiveCfg = Release_c2|Win32
		{99D60AA7-75A7-470D-B53F-E0A57355D142}.Release_c2|x86.Build.0 = Release_c2|Win32
		{99D60AA7-75A7-470D-B53F-E0A57355D142}.Release_net_c2|x86.ActiveCfg = Release_net_c2|Win32
		{99D60AA7-75A7-470D-B53F-E0A57355D142}.Release_net_c2|x86.Build.0 = Release_net_c2|Win32
		{99D60AA7-75A7-470D-B53F-E0A57355D142}.Release_net|x86.ActiveCfg = Release_net|Win32
		{99D60AA7-75A7-470D-B53F-E0A57355D142}.Release_net|x86.Build.0 = Release_net|Win32
		{99D60AA7-75A7-470D-B53F-E0A57355D142}.Release|x86.ActiveCfg = Release|Win32
		{99D60AA7-75A7-470D-B53F-E0A57355D142}.Release|x86.Build.0 = Release|Win32
	EndGlobalSection
	GlobalSection(SolutionProperties) = preSolution
		HideSolutionNode = FALSE
	EndGlobalSection
EndGlobal
