<?xml version="1.0" encoding="utf-8"?>
<Project ToolsVersion="4.0" xmlns="http://schemas.microsoft.com/developer/msbuild/2003">
  <ItemGroup>
    <Filter Include="core">
      <UniqueIdentifier>{2f8b2d8a-e8d6-41ed-96ee-9d40a7def95a}</UniqueIdentifier>
    </Filter>
    <Filter Include="compute">
      <UniqueIdentifier>{49660eca-da8d-431a-900c-9c0373a2ffec}</UniqueIdentifier>
    </Filter>
    <Filter Include="floor">
      <UniqueIdentifier>{c75347a3-29a1-4787-8826-6ee93e789184}</UniqueIdentifier>
    </Filter>
    <Filter Include="math">
      <UniqueIdentifier>{28292329-13dc-449e-8ab7-dca16b44ef06}</UniqueIdentifier>
    </Filter>
    <Filter Include="threading">
      <UniqueIdentifier>{f100562c-1562-4b07-a6ce-98701217e7b5}</UniqueIdentifier>
    </Filter>
    <Filter Include="constexpr">
      <UniqueIdentifier>{d4b4dfd1-ed22-4ec3-9ff5-34212a9a9e80}</UniqueIdentifier>
    </Filter>
    <Filter Include="compute\opencl">
      <UniqueIdentifier>{aa0a7c5a-6495-4052-8d60-69063958a333}</UniqueIdentifier>
    </Filter>
    <Filter Include="compute\cuda">
      <UniqueIdentifier>{6230691a-c6b4-4151-abf5-dc5167983ed1}</UniqueIdentifier>
    </Filter>
  </ItemGroup>
  <ItemGroup>
    <ClCompile Include="compute\compute_base.cpp">
      <Filter>compute</Filter>
    </ClCompile>
    <ClCompile Include="compute\compute_buffer.cpp">
      <Filter>compute</Filter>
    </ClCompile>
    <ClCompile Include="compute\compute_device.cpp">
      <Filter>compute</Filter>
    </ClCompile>
    <ClCompile Include="compute\compute_image.cpp">
      <Filter>compute</Filter>
    </ClCompile>
    <ClCompile Include="compute\compute_kernel.cpp">
      <Filter>compute</Filter>
    </ClCompile>
    <ClCompile Include="compute\compute_memory.cpp">
      <Filter>compute</Filter>
    </ClCompile>
    <ClCompile Include="compute\compute_program.cpp">
      <Filter>compute</Filter>
    </ClCompile>
    <ClCompile Include="compute\compute_queue.cpp">
      <Filter>compute</Filter>
    </ClCompile>
    <ClCompile Include="compute\llvm_compute.cpp">
      <Filter>compute</Filter>
    </ClCompile>
    <ClCompile Include="compute\cuda\cuda_buffer.cpp">
      <Filter>compute\cuda</Filter>
    </ClCompile>
    <ClCompile Include="compute\cuda\cuda_compute.cpp">
      <Filter>compute\cuda</Filter>
    </ClCompile>
    <ClCompile Include="compute\cuda\cuda_device.cpp">
      <Filter>compute\cuda</Filter>
    </ClCompile>
    <ClCompile Include="compute\cuda\cuda_image.cpp">
      <Filter>compute\cuda</Filter>
    </ClCompile>
    <ClCompile Include="compute\cuda\cuda_kernel.cpp">
      <Filter>compute\cuda</Filter>
    </ClCompile>
    <ClCompile Include="compute\cuda\cuda_program.cpp">
      <Filter>compute\cuda</Filter>
    </ClCompile>
    <ClCompile Include="compute\cuda\cuda_queue.cpp">
      <Filter>compute\cuda</Filter>
    </ClCompile>
    <ClCompile Include="compute\opencl\opencl_buffer.cpp">
      <Filter>compute\opencl</Filter>
    </ClCompile>
    <ClCompile Include="compute\opencl\opencl_compute.cpp">
      <Filter>compute\opencl</Filter>
    </ClCompile>
    <ClCompile Include="compute\opencl\opencl_device.cpp">
      <Filter>compute\opencl</Filter>
    </ClCompile>
    <ClCompile Include="compute\opencl\opencl_image.cpp">
      <Filter>compute\opencl</Filter>
    </ClCompile>
    <ClCompile Include="compute\opencl\opencl_kernel.cpp">
      <Filter>compute\opencl</Filter>
    </ClCompile>
    <ClCompile Include="compute\opencl\opencl_program.cpp">
      <Filter>compute\opencl</Filter>
    </ClCompile>
    <ClCompile Include="compute\opencl\opencl_queue.cpp">
      <Filter>compute\opencl</Filter>
    </ClCompile>
    <ClCompile Include="constexpr\const_math.cpp">
      <Filter>constexpr</Filter>
    </ClCompile>
    <ClCompile Include="core\core.cpp">
      <Filter>core</Filter>
    </ClCompile>
    <ClCompile Include="core\event.cpp">
      <Filter>core</Filter>
    </ClCompile>
    <ClCompile Include="core\file_io.cpp">
      <Filter>core</Filter>
    </ClCompile>
    <ClCompile Include="core\gl_support.cpp">
      <Filter>core</Filter>
    </ClCompile>
    <ClCompile Include="core\logger.cpp">
      <Filter>core</Filter>
    </ClCompile>
    <ClCompile Include="core\sig_handler.cpp">
      <Filter>core</Filter>
    </ClCompile>
    <ClCompile Include="core\unicode.cpp">
      <Filter>core</Filter>
    </ClCompile>
    <ClCompile Include="core\util.cpp">
      <Filter>core</Filter>
    </ClCompile>
    <ClCompile Include="core\xml.cpp">
      <Filter>core</Filter>
    </ClCompile>
    <ClCompile Include="floor\floor.cpp">
      <Filter>floor</Filter>
    </ClCompile>
    <ClCompile Include="math\matrix4.cpp">
      <Filter>math</Filter>
    </ClCompile>
    <ClCompile Include="math\quaternion.cpp">
      <Filter>math</Filter>
    </ClCompile>
    <ClCompile Include="math\vector.cpp">
      <Filter>math</Filter>
    </ClCompile>
    <ClCompile Include="math\vector_lib.cpp">
      <Filter>math</Filter>
    </ClCompile>
    <ClCompile Include="threading\task.cpp">
      <Filter>threading</Filter>
    </ClCompile>
    <ClCompile Include="threading\thread_base.cpp">
      <Filter>threading</Filter>
    </ClCompile>
    <ClCompile Include="core\gl_shader.cpp">
      <Filter>core</Filter>
    </ClCompile>
  </ItemGroup>
  <ItemGroup>
    <ClInclude Include="compute\compute_base.hpp">
      <Filter>compute</Filter>
    </ClInclude>
    <ClInclude Include="compute\compute_buffer.hpp">
      <Filter>compute</Filter>
    </ClInclude>
    <ClInclude Include="compute\compute_common.hpp">
      <Filter>compute</Filter>
    </ClInclude>
    <ClInclude Include="compute\compute_device.hpp">
      <Filter>compute</Filter>
    </ClInclude>
    <ClInclude Include="compute\compute_image.hpp">
      <Filter>compute</Filter>
    </ClInclude>
    <ClInclude Include="compute\compute_kernel.hpp">
      <Filter>compute</Filter>
    </ClInclude>
    <ClInclude Include="compute\compute_memory.hpp">
      <Filter>compute</Filter>
    </ClInclude>
    <ClInclude Include="compute\compute_program.hpp">
      <Filter>compute</Filter>
    </ClInclude>
    <ClInclude Include="compute\compute_queue.hpp">
      <Filter>compute</Filter>
    </ClInclude>
    <ClInclude Include="compute\llvm_compute.hpp">
      <Filter>compute</Filter>
    </ClInclude>
    <ClInclude Include="compute\cuda\cuda_buffer.hpp">
      <Filter>compute\cuda</Filter>
    </ClInclude>
    <ClInclude Include="compute\cuda\cuda_common.hpp">
      <Filter>compute\cuda</Filter>
    </ClInclude>
    <ClInclude Include="compute\cuda\cuda_compute.hpp">
      <Filter>compute\cuda</Filter>
    </ClInclude>
    <ClInclude Include="compute\cuda\cuda_device.hpp">
      <Filter>compute\cuda</Filter>
    </ClInclude>
    <ClInclude Include="compute\cuda\cuda_image.hpp">
      <Filter>compute\cuda</Filter>
    </ClInclude>
    <ClInclude Include="compute\cuda\cuda_kernel.hpp">
      <Filter>compute\cuda</Filter>
    </ClInclude>
    <ClInclude Include="compute\cuda\cuda_program.hpp">
      <Filter>compute\cuda</Filter>
    </ClInclude>
    <ClInclude Include="compute\cuda\cuda_queue.hpp">
      <Filter>compute\cuda</Filter>
    </ClInclude>
    <ClInclude Include="compute\opencl\opencl_buffer.hpp">
      <Filter>compute\opencl</Filter>
    </ClInclude>
    <ClInclude Include="compute\opencl\opencl_common.hpp">
      <Filter>compute\opencl</Filter>
    </ClInclude>
    <ClInclude Include="compute\opencl\opencl_compute.hpp">
      <Filter>compute\opencl</Filter>
    </ClInclude>
    <ClInclude Include="compute\opencl\opencl_device.hpp">
      <Filter>compute\opencl</Filter>
    </ClInclude>
    <ClInclude Include="compute\opencl\opencl_image.hpp">
      <Filter>compute\opencl</Filter>
    </ClInclude>
    <ClInclude Include="compute\opencl\opencl_kernel.hpp">
      <Filter>compute\opencl</Filter>
    </ClInclude>
    <ClInclude Include="compute\opencl\opencl_program.hpp">
      <Filter>compute\opencl</Filter>
    </ClInclude>
    <ClInclude Include="compute\opencl\opencl_queue.hpp">
      <Filter>compute\opencl</Filter>
    </ClInclude>
    <ClInclude Include="constexpr\const_math.hpp">
      <Filter>constexpr</Filter>
    </ClInclude>
    <ClInclude Include="constexpr\const_string.hpp">
      <Filter>constexpr</Filter>
    </ClInclude>
    <ClInclude Include="constexpr\soft_i128.hpp">
      <Filter>constexpr</Filter>
    </ClInclude>
    <ClInclude Include="core\core.hpp">
      <Filter>core</Filter>
    </ClInclude>
    <ClInclude Include="core\cpp_headers.hpp">
      <Filter>core</Filter>
    </ClInclude>
    <ClInclude Include="core\enum_helpers.hpp">
      <Filter>core</Filter>
    </ClInclude>
    <ClInclude Include="core\essentials.hpp">
      <Filter>core</Filter>
    </ClInclude>
    <ClInclude Include="core\event.hpp">
      <Filter>core</Filter>
    </ClInclude>
    <ClInclude Include="core\event_objects.hpp">
      <Filter>core</Filter>
    </ClInclude>
    <ClInclude Include="core\file_io.hpp">
      <Filter>core</Filter>
    </ClInclude>
    <ClInclude Include="core\gl_support.hpp">
      <Filter>core</Filter>
    </ClInclude>
    <ClInclude Include="core\logger.hpp">
      <Filter>core</Filter>
    </ClInclude>
    <ClInclude Include="core\option_handler.hpp">
      <Filter>core</Filter>
    </ClInclude>
    <ClInclude Include="core\platform.hpp">
      <Filter>core</Filter>
    </ClInclude>
    <ClInclude Include="core\sig_handler.hpp">
      <Filter>core</Filter>
    </ClInclude>
    <ClInclude Include="core\timer.hpp">
      <Filter>core</Filter>
    </ClInclude>
    <ClInclude Include="core\unicode.hpp">
      <Filter>core</Filter>
    </ClInclude>
    <ClInclude Include="core\util.hpp">
      <Filter>core</Filter>
    </ClInclude>
    <ClInclude Include="core\xml.hpp">
      <Filter>core</Filter>
    </ClInclude>
    <ClInclude Include="floor\build_version.hpp">
      <Filter>floor</Filter>
    </ClInclude>
    <ClInclude Include="floor\floor.hpp">
      <Filter>floor</Filter>
    </ClInclude>
    <ClInclude Include="floor\floor_conf.hpp">
      <Filter>floor</Filter>
    </ClInclude>
    <ClInclude Include="floor\floor_version.hpp">
      <Filter>floor</Filter>
    </ClInclude>
    <ClInclude Include="math\bbox.hpp">
      <Filter>math</Filter>
    </ClInclude>
    <ClInclude Include="math\matrix4.hpp">
      <Filter>math</Filter>
    </ClInclude>
    <ClInclude Include="math\quaternion.hpp">
      <Filter>math</Filter>
    </ClInclude>
    <ClInclude Include="math\ray.hpp">
      <Filter>math</Filter>
    </ClInclude>
    <ClInclude Include="math\vector.hpp">
      <Filter>math</Filter>
    </ClInclude>
    <ClInclude Include="math\vector_helper.hpp">
      <Filter>math</Filter>
    </ClInclude>
    <ClInclude Include="math\vector_lib.hpp">
      <Filter>math</Filter>
    </ClInclude>
    <ClInclude Include="math\vector_ops.hpp">
      <Filter>math</Filter>
    </ClInclude>
    <ClInclude Include="math\vector_ops_cleanup.hpp">
      <Filter>math</Filter>
    </ClInclude>
    <ClInclude Include="threading\atomic_shared_ptr.hpp">
      <Filter>threading</Filter>
    </ClInclude>
    <ClInclude Include="threading\atomic_spin_lock.hpp">
      <Filter>threading</Filter>
    </ClInclude>
    <ClInclude Include="threading\atomics.hpp">
      <Filter>threading</Filter>
    </ClInclude>
    <ClInclude Include="threading\task.hpp">
      <Filter>threading</Filter>
    </ClInclude>
    <ClInclude Include="threading\thread_base.hpp">
      <Filter>threading</Filter>
    </ClInclude>
    <ClInclude Include="threading\thread_safety.hpp">
      <Filter>threading</Filter>
    </ClInclude>
    <ClInclude Include="core\gl_shader.hpp">
      <Filter>core</Filter>
    </ClInclude>
  </ItemGroup>
</Project>