// !$*UTF8*$!
{
	archiveVersion = 1;
	classes = {
	};
	objectVersion = 46;
	objects = {

/* Begin PBXBuildFile section */
		5C0686B919C9285200CF63C8 /* essentials.hpp in Headers */ = {isa = PBXBuildFile; fileRef = 5C0686B819C9285200CF63C8 /* essentials.hpp */; };
		5C0686BB19C92E1400CF63C8 /* floor_conf.hpp in Headers */ = {isa = PBXBuildFile; fileRef = 5C0686BA19C92E1400CF63C8 /* floor_conf.hpp */; };
		5C1091A017D1153E007F536E /* cl.hpp in Headers */ = {isa = PBXBuildFile; fileRef = 5C10916617D1153E007F536E /* cl.hpp */; };
		5C1091A117D1153E007F536E /* opencl.cpp in Sources */ = {isa = PBXBuildFile; fileRef = 5C10916717D1153E007F536E /* opencl.cpp */; };
		5C1091A217D1153E007F536E /* opencl.hpp in Headers */ = {isa = PBXBuildFile; fileRef = 5C10916817D1153E007F536E /* opencl.hpp */; };
		5C1091A617D1153E007F536E /* core.cpp in Sources */ = {isa = PBXBuildFile; fileRef = 5C10916D17D1153E007F536E /* core.cpp */; };
		5C1091A717D1153E007F536E /* core.hpp in Headers */ = {isa = PBXBuildFile; fileRef = 5C10916E17D1153E007F536E /* core.hpp */; };
		5C1091A817D1153E007F536E /* cpp_headers.hpp in Headers */ = {isa = PBXBuildFile; fileRef = 5C10916F17D1153E007F536E /* cpp_headers.hpp */; };
		5C1091A917D1153E007F536E /* event.cpp in Sources */ = {isa = PBXBuildFile; fileRef = 5C10917017D1153E007F536E /* event.cpp */; };
		5C1091AA17D1153E007F536E /* event.hpp in Headers */ = {isa = PBXBuildFile; fileRef = 5C10917117D1153E007F536E /* event.hpp */; };
		5C1091AB17D1153E007F536E /* event_objects.hpp in Headers */ = {isa = PBXBuildFile; fileRef = 5C10917217D1153E007F536E /* event_objects.hpp */; };
		5C1091AC17D1153E007F536E /* file_io.cpp in Sources */ = {isa = PBXBuildFile; fileRef = 5C10917317D1153E007F536E /* file_io.cpp */; };
		5C1091AD17D1153E007F536E /* file_io.hpp in Headers */ = {isa = PBXBuildFile; fileRef = 5C10917417D1153E007F536E /* file_io.hpp */; };
		5C1091AF17D1153E007F536E /* logger.cpp in Sources */ = {isa = PBXBuildFile; fileRef = 5C10917617D1153E007F536E /* logger.cpp */; };
		5C1091B017D1153E007F536E /* logger.hpp in Headers */ = {isa = PBXBuildFile; fileRef = 5C10917717D1153E007F536E /* logger.hpp */; };
		5C1091B317D1153E007F536E /* platform.hpp in Headers */ = {isa = PBXBuildFile; fileRef = 5C10917A17D1153E007F536E /* platform.hpp */; };
		5C1091B417D1153E007F536E /* timer.hpp in Headers */ = {isa = PBXBuildFile; fileRef = 5C10917B17D1153E007F536E /* timer.hpp */; };
		5C1091B517D1153E007F536E /* unicode.cpp in Sources */ = {isa = PBXBuildFile; fileRef = 5C10917C17D1153E007F536E /* unicode.cpp */; };
		5C1091B617D1153E007F536E /* unicode.hpp in Headers */ = {isa = PBXBuildFile; fileRef = 5C10917D17D1153E007F536E /* unicode.hpp */; };
		5C1091B717D1153E007F536E /* util.cpp in Sources */ = {isa = PBXBuildFile; fileRef = 5C10917E17D1153E007F536E /* util.cpp */; };
		5C1091B817D1153E007F536E /* util.hpp in Headers */ = {isa = PBXBuildFile; fileRef = 5C10917F17D1153E007F536E /* util.hpp */; };
		5C1091BF17D1153E007F536E /* xml.cpp in Sources */ = {isa = PBXBuildFile; fileRef = 5C10918617D1153E007F536E /* xml.cpp */; };
		5C1091C017D1153E007F536E /* xml.hpp in Headers */ = {isa = PBXBuildFile; fileRef = 5C10918717D1153E007F536E /* xml.hpp */; };
		5C1091C117D1153E007F536E /* cudacl.cpp in Sources */ = {isa = PBXBuildFile; fileRef = 5C10918917D1153E007F536E /* cudacl.cpp */; };
		5C1091C717D1153E007F536E /* city.hpp in Headers */ = {isa = PBXBuildFile; fileRef = 5C10919017D1153E007F536E /* city.hpp */; };
		5C1091C817D1153E007F536E /* error_code.cpp in Sources */ = {isa = PBXBuildFile; fileRef = 5C10919317D1153E007F536E /* error_code.cpp */; };
		5C1091C917D1153E007F536E /* local_free_on_destruction.hpp in Headers */ = {isa = PBXBuildFile; fileRef = 5C10919517D1153E007F536E /* local_free_on_destruction.hpp */; };
		5C1091CA17D1153E007F536E /* http_net.hpp in Headers */ = {isa = PBXBuildFile; fileRef = 5C10919617D1153E007F536E /* http_net.hpp */; };
		5C1091CB17D1153E007F536E /* irc_net.hpp in Headers */ = {isa = PBXBuildFile; fileRef = 5C10919717D1153E007F536E /* irc_net.hpp */; };
		5C1091CC17D1153E007F536E /* net.hpp in Headers */ = {isa = PBXBuildFile; fileRef = 5C10919817D1153E007F536E /* net.hpp */; };
		5C1091CD17D1153E007F536E /* net_protocol.hpp in Headers */ = {isa = PBXBuildFile; fileRef = 5C10919917D1153E007F536E /* net_protocol.hpp */; };
		5C1091CE17D1153E007F536E /* net_tcp.hpp in Headers */ = {isa = PBXBuildFile; fileRef = 5C10919A17D1153E007F536E /* net_tcp.hpp */; };
		5C1091CF17D1153E007F536E /* task.cpp in Sources */ = {isa = PBXBuildFile; fileRef = 5C10919C17D1153E007F536E /* task.cpp */; };
		5C1091D017D1153E007F536E /* task.hpp in Headers */ = {isa = PBXBuildFile; fileRef = 5C10919D17D1153E007F536E /* task.hpp */; };
		5C1091D117D1153E007F536E /* thread_base.cpp in Sources */ = {isa = PBXBuildFile; fileRef = 5C10919E17D1153E007F536E /* thread_base.cpp */; };
		5C1091D217D1153E007F536E /* thread_base.hpp in Headers */ = {isa = PBXBuildFile; fileRef = 5C10919F17D1153E007F536E /* thread_base.hpp */; };
		5C1091D517D117B8007F536E /* city.cpp in Sources */ = {isa = PBXBuildFile; fileRef = 5C1091D417D117B8007F536E /* city.cpp */; };
		5C1091EE17D1484C007F536E /* osx_helper.hpp in Headers */ = {isa = PBXBuildFile; fileRef = 5C1091EB17D1484C007F536E /* osx_helper.hpp */; };
		5C1091EF17D1484C007F536E /* osx_helper.mm in Sources */ = {isa = PBXBuildFile; fileRef = 5C1091EC17D1484C007F536E /* osx_helper.mm */; };
		5C1091F417D148B8007F536E /* OpenCL.framework in Frameworks */ = {isa = PBXBuildFile; fileRef = 5C1091F217D148B8007F536E /* OpenCL.framework */; };
		5C1091F517D148B8007F536E /* OpenGL.framework in Frameworks */ = {isa = PBXBuildFile; fileRef = 5C1091F317D148B8007F536E /* OpenGL.framework */; };
		5C1091F717D148C5007F536E /* Cocoa.framework in Frameworks */ = {isa = PBXBuildFile; fileRef = 5C1091F617D148C5007F536E /* Cocoa.framework */; };
		5C1091F917D148CB007F536E /* AppKit.framework in Frameworks */ = {isa = PBXBuildFile; fileRef = 5C1091F817D148CB007F536E /* AppKit.framework */; };
		5C1091FB17D148D0007F536E /* ApplicationServices.framework in Frameworks */ = {isa = PBXBuildFile; fileRef = 5C1091FA17D148D0007F536E /* ApplicationServices.framework */; };
		5C1091FD17D148DB007F536E /* libxml2.dylib in Frameworks */ = {isa = PBXBuildFile; fileRef = 5C1091FC17D148DB007F536E /* libxml2.dylib */; };
		5C10920017D14C95007F536E /* floor.cpp in Sources */ = {isa = PBXBuildFile; fileRef = 5C1091FF17D14C95007F536E /* floor.cpp */; };
		5C10920317D1F80E007F536E /* gl_support.cpp in Sources */ = {isa = PBXBuildFile; fileRef = 5C10920117D1F80E007F536E /* gl_support.cpp */; };
		5C10920617D1F81B007F536E /* gl_support.hpp in Headers */ = {isa = PBXBuildFile; fileRef = 5C10920517D1F81B007F536E /* gl_support.hpp */; };
		5C10920817D1FA12007F536E /* floor_version.hpp in Headers */ = {isa = PBXBuildFile; fileRef = 5C10920717D1FA12007F536E /* floor_version.hpp */; };
		5C366DDC19A64FF2006D1D09 /* const_math.hpp in Headers */ = {isa = PBXBuildFile; fileRef = 5C366DDA19A64FF2006D1D09 /* const_math.hpp */; };
		5C366DDD19A64FF2006D1D09 /* const_string.hpp in Headers */ = {isa = PBXBuildFile; fileRef = 5C366DDB19A64FF2006D1D09 /* const_string.hpp */; };
		5C366DDF19A65E11006D1D09 /* const_helpers.hpp in Headers */ = {isa = PBXBuildFile; fileRef = 5C366DDE19A65E11006D1D09 /* const_helpers.hpp */; };
		5C4A85A318F9527E0039BFD4 /* grammar.cpp in Sources */ = {isa = PBXBuildFile; fileRef = 5C4A85A118F9527E0039BFD4 /* grammar.cpp */; };
		5C4A85A418F9527E0039BFD4 /* grammar.cpp in Sources */ = {isa = PBXBuildFile; fileRef = 5C4A85A118F9527E0039BFD4 /* grammar.cpp */; };
		5C4A85A518F9527E0039BFD4 /* grammar.hpp in Headers */ = {isa = PBXBuildFile; fileRef = 5C4A85A218F9527E0039BFD4 /* grammar.hpp */; };
		5C4A85AC18F953590039BFD4 /* lang_context.cpp in Sources */ = {isa = PBXBuildFile; fileRef = 5C4A85A618F953590039BFD4 /* lang_context.cpp */; };
		5C4A85AD18F953590039BFD4 /* lang_context.cpp in Sources */ = {isa = PBXBuildFile; fileRef = 5C4A85A618F953590039BFD4 /* lang_context.cpp */; };
		5C4A85AE18F953590039BFD4 /* lang_context.hpp in Headers */ = {isa = PBXBuildFile; fileRef = 5C4A85A718F953590039BFD4 /* lang_context.hpp */; };
		5C4A85AF18F953590039BFD4 /* lexer.cpp in Sources */ = {isa = PBXBuildFile; fileRef = 5C4A85A818F953590039BFD4 /* lexer.cpp */; };
		5C4A85B018F953590039BFD4 /* lexer.cpp in Sources */ = {isa = PBXBuildFile; fileRef = 5C4A85A818F953590039BFD4 /* lexer.cpp */; };
		5C4A85B118F953590039BFD4 /* lexer.hpp in Headers */ = {isa = PBXBuildFile; fileRef = 5C4A85A918F953590039BFD4 /* lexer.hpp */; };
		5C4A85B218F953590039BFD4 /* source_types.cpp in Sources */ = {isa = PBXBuildFile; fileRef = 5C4A85AA18F953590039BFD4 /* source_types.cpp */; };
		5C4A85B318F953590039BFD4 /* source_types.cpp in Sources */ = {isa = PBXBuildFile; fileRef = 5C4A85AA18F953590039BFD4 /* source_types.cpp */; };
		5C4A85B418F953590039BFD4 /* source_types.hpp in Headers */ = {isa = PBXBuildFile; fileRef = 5C4A85AB18F953590039BFD4 /* source_types.hpp */; };
		5C4A85B718F955B30039BFD4 /* ast_base.cpp in Sources */ = {isa = PBXBuildFile; fileRef = 5C4A85B518F955B30039BFD4 /* ast_base.cpp */; };
		5C4A85B818F955B30039BFD4 /* ast_base.cpp in Sources */ = {isa = PBXBuildFile; fileRef = 5C4A85B518F955B30039BFD4 /* ast_base.cpp */; };
		5C4A85B918F955B30039BFD4 /* ast_base.hpp in Headers */ = {isa = PBXBuildFile; fileRef = 5C4A85B618F955B30039BFD4 /* ast_base.hpp */; };
		5C4A85BC18F95EE40039BFD4 /* parser.cpp in Sources */ = {isa = PBXBuildFile; fileRef = 5C4A85BA18F95EE40039BFD4 /* parser.cpp */; };
		5C4A85BD18F95EE40039BFD4 /* parser.cpp in Sources */ = {isa = PBXBuildFile; fileRef = 5C4A85BA18F95EE40039BFD4 /* parser.cpp */; };
		5C4A85BE18F95EE40039BFD4 /* parser.hpp in Headers */ = {isa = PBXBuildFile; fileRef = 5C4A85BB18F95EE40039BFD4 /* parser.hpp */; };
		5C5DA0C119CD39B7009CBCA2 /* soft_i128.hpp in Headers */ = {isa = PBXBuildFile; fileRef = 5C5DA0C019CD39B7009CBCA2 /* soft_i128.hpp */; };
		5C7173A918D7144E00DDF097 /* OpenALSoft.framework in Frameworks */ = {isa = PBXBuildFile; fileRef = 5C7173A818D7144E00DDF097 /* OpenALSoft.framework */; };
		5C7173AF18D717EB00DDF097 /* audio_headers.cpp in Sources */ = {isa = PBXBuildFile; fileRef = 5C7173AB18D717EB00DDF097 /* audio_headers.cpp */; };
		5C7173B018D717EB00DDF097 /* audio_headers.cpp in Sources */ = {isa = PBXBuildFile; fileRef = 5C7173AB18D717EB00DDF097 /* audio_headers.cpp */; };
		5C7173B118D717EB00DDF097 /* audio_headers.hpp in Headers */ = {isa = PBXBuildFile; fileRef = 5C7173AC18D717EB00DDF097 /* audio_headers.hpp */; };
		5C7173B218D717EB00DDF097 /* audio_store.cpp in Sources */ = {isa = PBXBuildFile; fileRef = 5C7173AD18D717EB00DDF097 /* audio_store.cpp */; };
		5C7173B318D717EB00DDF097 /* audio_store.cpp in Sources */ = {isa = PBXBuildFile; fileRef = 5C7173AD18D717EB00DDF097 /* audio_store.cpp */; };
		5C7173B418D717EB00DDF097 /* audio_store.hpp in Headers */ = {isa = PBXBuildFile; fileRef = 5C7173AE18D717EB00DDF097 /* audio_store.hpp */; };
		5C7173C318D7288900DDF097 /* audio_controller.cpp in Sources */ = {isa = PBXBuildFile; fileRef = 5C7173C118D7288900DDF097 /* audio_controller.cpp */; };
		5C7173C418D7288900DDF097 /* audio_controller.cpp in Sources */ = {isa = PBXBuildFile; fileRef = 5C7173C118D7288900DDF097 /* audio_controller.cpp */; };
		5C7173C518D7288900DDF097 /* audio_controller.hpp in Headers */ = {isa = PBXBuildFile; fileRef = 5C7173C218D7288900DDF097 /* audio_controller.hpp */; };
		5C7173CC18D8AE0700DDF097 /* audio_source.hpp in Headers */ = {isa = PBXBuildFile; fileRef = 5C7173CA18D8AE0700DDF097 /* audio_source.hpp */; };
		5C7173CD18D8AE0700DDF097 /* audio_source.cpp in Sources */ = {isa = PBXBuildFile; fileRef = 5C7173CB18D8AE0700DDF097 /* audio_source.cpp */; };
		5C7173CE18D8AE0700DDF097 /* audio_source.cpp in Sources */ = {isa = PBXBuildFile; fileRef = 5C7173CB18D8AE0700DDF097 /* audio_source.cpp */; };
		5C78010019D5BC4000853135 /* llvm_compute.cpp in Sources */ = {isa = PBXBuildFile; fileRef = 5C7800FE19D5BC4000853135 /* llvm_compute.cpp */; };
		5C78010119D5BC4000853135 /* llvm_compute.cpp in Sources */ = {isa = PBXBuildFile; fileRef = 5C7800FE19D5BC4000853135 /* llvm_compute.cpp */; };
		5C78010219D5BC4000853135 /* llvm_compute.hpp in Headers */ = {isa = PBXBuildFile; fileRef = 5C7800FF19D5BC4000853135 /* llvm_compute.hpp */; };
		5C7F30BF17F5EB6F0071C3D1 /* http_scheduler.cpp in Sources */ = {isa = PBXBuildFile; fileRef = 5C7F30BD17F5EB6F0071C3D1 /* http_scheduler.cpp */; };
		5C7F30C217F5EB930071C3D1 /* http_scheduler.hpp in Headers */ = {isa = PBXBuildFile; fileRef = 5C7F30C117F5EB930071C3D1 /* http_scheduler.hpp */; };
		5CAEC242186799BE00BEC3A3 /* opencl.cpp in Sources */ = {isa = PBXBuildFile; fileRef = 5C10916717D1153E007F536E /* opencl.cpp */; };
		5CAEC243186799BE00BEC3A3 /* core.cpp in Sources */ = {isa = PBXBuildFile; fileRef = 5C10916D17D1153E007F536E /* core.cpp */; };
		5CAEC244186799BE00BEC3A3 /* event.cpp in Sources */ = {isa = PBXBuildFile; fileRef = 5C10917017D1153E007F536E /* event.cpp */; };
		5CAEC245186799BE00BEC3A3 /* file_io.cpp in Sources */ = {isa = PBXBuildFile; fileRef = 5C10917317D1153E007F536E /* file_io.cpp */; };
		5CAEC246186799BE00BEC3A3 /* gl_support.cpp in Sources */ = {isa = PBXBuildFile; fileRef = 5C10920117D1F80E007F536E /* gl_support.cpp */; };
		5CAEC247186799BE00BEC3A3 /* logger.cpp in Sources */ = {isa = PBXBuildFile; fileRef = 5C10917617D1153E007F536E /* logger.cpp */; };
		5CAEC24A186799BE00BEC3A3 /* unicode.cpp in Sources */ = {isa = PBXBuildFile; fileRef = 5C10917C17D1153E007F536E /* unicode.cpp */; };
		5CAEC24B186799BE00BEC3A3 /* util.cpp in Sources */ = {isa = PBXBuildFile; fileRef = 5C10917E17D1153E007F536E /* util.cpp */; };
		5CAEC24F186799BE00BEC3A3 /* xml.cpp in Sources */ = {isa = PBXBuildFile; fileRef = 5C10918617D1153E007F536E /* xml.cpp */; };
		5CAEC250186799BE00BEC3A3 /* floor.cpp in Sources */ = {isa = PBXBuildFile; fileRef = 5C1091FF17D14C95007F536E /* floor.cpp */; };
		5CAEC251186799BE00BEC3A3 /* city.cpp in Sources */ = {isa = PBXBuildFile; fileRef = 5C1091D417D117B8007F536E /* city.cpp */; };
		5CAEC252186799BE00BEC3A3 /* http_scheduler.cpp in Sources */ = {isa = PBXBuildFile; fileRef = 5C7F30BD17F5EB6F0071C3D1 /* http_scheduler.cpp */; };
		5CAEC256186799BF00BEC3A3 /* task.cpp in Sources */ = {isa = PBXBuildFile; fileRef = 5C10919C17D1153E007F536E /* task.cpp */; };
		5CAEC257186799BF00BEC3A3 /* thread_base.cpp in Sources */ = {isa = PBXBuildFile; fileRef = 5C10919E17D1153E007F536E /* thread_base.cpp */; };
		5CAEC258186799C300BEC3A3 /* error_code.cpp in Sources */ = {isa = PBXBuildFile; fileRef = 5C10919317D1153E007F536E /* error_code.cpp */; };
		5CAEC25C18679A0F00BEC3A3 /* ios_helper.mm in Sources */ = {isa = PBXBuildFile; fileRef = 5CAEC25B18679A0F00BEC3A3 /* ios_helper.mm */; };
		5CAEC25E18679A8900BEC3A3 /* OpenGLES.framework in Frameworks */ = {isa = PBXBuildFile; fileRef = 5CAEC25D18679A8900BEC3A3 /* OpenGLES.framework */; };
		5CAEC26018679AE800BEC3A3 /* UIKit.framework in Frameworks */ = {isa = PBXBuildFile; fileRef = 5CAEC25F18679AE800BEC3A3 /* UIKit.framework */; };
		5CAEC26918679B0800BEC3A3 /* CoreAudio.framework in Frameworks */ = {isa = PBXBuildFile; fileRef = 5CAEC26718679B0800BEC3A3 /* CoreAudio.framework */; };
		5CAEC26C18679B1600BEC3A3 /* AudioToolbox.framework in Frameworks */ = {isa = PBXBuildFile; fileRef = 5CAEC26B18679B1600BEC3A3 /* AudioToolbox.framework */; };
		5CAEC26E18679B1D00BEC3A3 /* QuartzCore.framework in Frameworks */ = {isa = PBXBuildFile; fileRef = 5CAEC26D18679B1D00BEC3A3 /* QuartzCore.framework */; };
		5CAEC2771867AC4A00BEC3A3 /* OpenCL.framework in Frameworks */ = {isa = PBXBuildFile; fileRef = 5CAEC2761867AC4A00BEC3A3 /* OpenCL.framework */; };
		5CC2F77818678AAD0031E08D /* Foundation.framework in Frameworks */ = {isa = PBXBuildFile; fileRef = 5CC2F77718678AAD0031E08D /* Foundation.framework */; };
		5CD2174119E9213B0049D6AE /* compute_base.hpp in Headers */ = {isa = PBXBuildFile; fileRef = 5CD2173F19E9213B0049D6AE /* compute_base.hpp */; };
		5CD2174219E9213B0049D6AE /* compute_base.cpp in Sources */ = {isa = PBXBuildFile; fileRef = 5CD2174019E9213B0049D6AE /* compute_base.cpp */; };
		5CD2174319E9213B0049D6AE /* compute_base.cpp in Sources */ = {isa = PBXBuildFile; fileRef = 5CD2174019E9213B0049D6AE /* compute_base.cpp */; };
		5CD2175819E985D80049D6AE /* cuda_compute.cpp in Sources */ = {isa = PBXBuildFile; fileRef = 5CD2175319E985D80049D6AE /* cuda_compute.cpp */; };
		5CD2175919E985D80049D6AE /* cuda_compute.cpp in Sources */ = {isa = PBXBuildFile; fileRef = 5CD2175319E985D80049D6AE /* cuda_compute.cpp */; };
		5CD2175A19E985D80049D6AE /* cuda_compute.hpp in Headers */ = {isa = PBXBuildFile; fileRef = 5CD2175419E985D80049D6AE /* cuda_compute.hpp */; };
		5CD2175B19E985D80049D6AE /* opencl_compute.cpp in Sources */ = {isa = PBXBuildFile; fileRef = 5CD2175619E985D80049D6AE /* opencl_compute.cpp */; };
		5CD2175C19E985D80049D6AE /* opencl_compute.cpp in Sources */ = {isa = PBXBuildFile; fileRef = 5CD2175619E985D80049D6AE /* opencl_compute.cpp */; };
		5CD2175D19E985D80049D6AE /* opencl_compute.hpp in Headers */ = {isa = PBXBuildFile; fileRef = 5CD2175719E985D80049D6AE /* opencl_compute.hpp */; };
		5CD2176019EA9D620049D6AE /* compute_device.hpp in Headers */ = {isa = PBXBuildFile; fileRef = 5CD2175E19EA9D620049D6AE /* compute_device.hpp */; };
		5CD2176119EA9D620049D6AE /* compute_device.cpp in Sources */ = {isa = PBXBuildFile; fileRef = 5CD2175F19EA9D620049D6AE /* compute_device.cpp */; };
		5CD2176219EA9D620049D6AE /* compute_device.cpp in Sources */ = {isa = PBXBuildFile; fileRef = 5CD2175F19EA9D620049D6AE /* compute_device.cpp */; };
		5CD2176519EAA8800049D6AE /* opencl_device.cpp in Sources */ = {isa = PBXBuildFile; fileRef = 5CD2176319EAA8800049D6AE /* opencl_device.cpp */; };
		5CD2176619EAA8800049D6AE /* opencl_device.cpp in Sources */ = {isa = PBXBuildFile; fileRef = 5CD2176319EAA8800049D6AE /* opencl_device.cpp */; };
		5CD2176719EAA8800049D6AE /* opencl_device.hpp in Headers */ = {isa = PBXBuildFile; fileRef = 5CD2176419EAA8800049D6AE /* opencl_device.hpp */; };
		5CE0BDC919BA3469000B28B3 /* const_math.cpp in Sources */ = {isa = PBXBuildFile; fileRef = 5CE0BDC819BA3469000B28B3 /* const_math.cpp */; };
		5CE0BDCA19BA3469000B28B3 /* const_math.cpp in Sources */ = {isa = PBXBuildFile; fileRef = 5CE0BDC819BA3469000B28B3 /* const_math.cpp */; };
		5CE0BDCC19BA432C000B28B3 /* vector_lib.cpp in Sources */ = {isa = PBXBuildFile; fileRef = 5CE0BDCB19BA432C000B28B3 /* vector_lib.cpp */; };
		5CE0BDCD19BA432C000B28B3 /* vector_lib.cpp in Sources */ = {isa = PBXBuildFile; fileRef = 5CE0BDCB19BA432C000B28B3 /* vector_lib.cpp */; };
		5CE0BDCF19BA46E3000B28B3 /* vector.cpp in Sources */ = {isa = PBXBuildFile; fileRef = 5CE0BDCE19BA46E3000B28B3 /* vector.cpp */; };
		5CE0BDD019BA46E3000B28B3 /* vector.cpp in Sources */ = {isa = PBXBuildFile; fileRef = 5CE0BDCE19BA46E3000B28B3 /* vector.cpp */; };
		5CE0BDD919BB2A75000B28B3 /* bbox.hpp in Headers */ = {isa = PBXBuildFile; fileRef = 5CE0BDD219BB2A75000B28B3 /* bbox.hpp */; };
		5CE0BDDA19BB2A75000B28B3 /* matrix4.cpp in Sources */ = {isa = PBXBuildFile; fileRef = 5CE0BDD319BB2A75000B28B3 /* matrix4.cpp */; };
		5CE0BDDB19BB2A75000B28B3 /* matrix4.cpp in Sources */ = {isa = PBXBuildFile; fileRef = 5CE0BDD319BB2A75000B28B3 /* matrix4.cpp */; };
		5CE0BDDC19BB2A75000B28B3 /* matrix4.hpp in Headers */ = {isa = PBXBuildFile; fileRef = 5CE0BDD419BB2A75000B28B3 /* matrix4.hpp */; };
		5CE0BDDD19BB2A75000B28B3 /* quaternion.cpp in Sources */ = {isa = PBXBuildFile; fileRef = 5CE0BDD519BB2A75000B28B3 /* quaternion.cpp */; };
		5CE0BDDE19BB2A75000B28B3 /* quaternion.cpp in Sources */ = {isa = PBXBuildFile; fileRef = 5CE0BDD519BB2A75000B28B3 /* quaternion.cpp */; };
		5CE0BDDF19BB2A75000B28B3 /* quaternion.hpp in Headers */ = {isa = PBXBuildFile; fileRef = 5CE0BDD619BB2A75000B28B3 /* quaternion.hpp */; };
		5CE0BDE019BB2A75000B28B3 /* ray.hpp in Headers */ = {isa = PBXBuildFile; fileRef = 5CE0BDD719BB2A75000B28B3 /* ray.hpp */; };
		5CEB9F671A4BF91B00EC3543 /* compute_buffer.cpp in Sources */ = {isa = PBXBuildFile; fileRef = 5CEB9F611A4BF91B00EC3543 /* compute_buffer.cpp */; };
		5CEB9F681A4BF91B00EC3543 /* compute_buffer.cpp in Sources */ = {isa = PBXBuildFile; fileRef = 5CEB9F611A4BF91B00EC3543 /* compute_buffer.cpp */; };
		5CEB9F691A4BF91B00EC3543 /* compute_buffer.hpp in Headers */ = {isa = PBXBuildFile; fileRef = 5CEB9F621A4BF91B00EC3543 /* compute_buffer.hpp */; };
		5CEB9F6A1A4BF91B00EC3543 /* compute_kernel.cpp in Sources */ = {isa = PBXBuildFile; fileRef = 5CEB9F631A4BF91B00EC3543 /* compute_kernel.cpp */; };
		5CEB9F6B1A4BF91B00EC3543 /* compute_kernel.cpp in Sources */ = {isa = PBXBuildFile; fileRef = 5CEB9F631A4BF91B00EC3543 /* compute_kernel.cpp */; };
		5CEB9F6C1A4BF91B00EC3543 /* compute_kernel.hpp in Headers */ = {isa = PBXBuildFile; fileRef = 5CEB9F641A4BF91B00EC3543 /* compute_kernel.hpp */; };
		5CEB9F6D1A4BF91B00EC3543 /* compute_queue.cpp in Sources */ = {isa = PBXBuildFile; fileRef = 5CEB9F651A4BF91B00EC3543 /* compute_queue.cpp */; };
		5CEB9F6E1A4BF91B00EC3543 /* compute_queue.cpp in Sources */ = {isa = PBXBuildFile; fileRef = 5CEB9F651A4BF91B00EC3543 /* compute_queue.cpp */; };
		5CEB9F6F1A4BF91B00EC3543 /* compute_queue.hpp in Headers */ = {isa = PBXBuildFile; fileRef = 5CEB9F661A4BF91B00EC3543 /* compute_queue.hpp */; };
/* End PBXBuildFile section */

/* Begin PBXFileReference section */
		5C0686B819C9285200CF63C8 /* essentials.hpp */ = {isa = PBXFileReference; fileEncoding = 4; lastKnownFileType = sourcecode.cpp.h; path = essentials.hpp; sourceTree = "<group>"; };
		5C0686BA19C92E1400CF63C8 /* floor_conf.hpp */ = {isa = PBXFileReference; fileEncoding = 4; lastKnownFileType = sourcecode.cpp.h; path = floor_conf.hpp; sourceTree = "<group>"; };
		5C0686BC19C95FD800CF63C8 /* build.sh */ = {isa = PBXFileReference; lastKnownFileType = text.script.sh; path = build.sh; sourceTree = "<group>"; };
		5C0DF00819B8C79200331AAC /* vector.hpp */ = {isa = PBXFileReference; lastKnownFileType = sourcecode.cpp.h; path = vector.hpp; sourceTree = "<group>"; };
		5C0DF00919B8C79200331AAC /* vector_helper.hpp */ = {isa = PBXFileReference; lastKnownFileType = sourcecode.cpp.h; path = vector_helper.hpp; sourceTree = "<group>"; };
		5C0DF00A19B8C79200331AAC /* vector_lib.hpp */ = {isa = PBXFileReference; lastKnownFileType = sourcecode.cpp.h; path = vector_lib.hpp; sourceTree = "<group>"; };
		5C0DF00B19B8C79200331AAC /* vector_ops.hpp */ = {isa = PBXFileReference; lastKnownFileType = sourcecode.cpp.h; path = vector_ops.hpp; sourceTree = "<group>"; };
		5C10915E17D114BC007F536E /* libfloord.dylib */ = {isa = PBXFileReference; explicitFileType = "compiled.mach-o.dylib"; includeInIndex = 0; path = libfloord.dylib; sourceTree = BUILT_PRODUCTS_DIR; };
		5C10916617D1153E007F536E /* cl.hpp */ = {isa = PBXFileReference; fileEncoding = 4; lastKnownFileType = sourcecode.cpp.h; path = cl.hpp; sourceTree = "<group>"; };
		5C10916717D1153E007F536E /* opencl.cpp */ = {isa = PBXFileReference; fileEncoding = 4; lastKnownFileType = sourcecode.cpp.cpp; path = opencl.cpp; sourceTree = "<group>"; };
		5C10916817D1153E007F536E /* opencl.hpp */ = {isa = PBXFileReference; fileEncoding = 4; lastKnownFileType = sourcecode.cpp.h; path = opencl.hpp; sourceTree = "<group>"; };
		5C10916D17D1153E007F536E /* core.cpp */ = {isa = PBXFileReference; fileEncoding = 4; lastKnownFileType = sourcecode.cpp.cpp; path = core.cpp; sourceTree = "<group>"; };
		5C10916E17D1153E007F536E /* core.hpp */ = {isa = PBXFileReference; fileEncoding = 4; lastKnownFileType = sourcecode.cpp.h; path = core.hpp; sourceTree = "<group>"; };
		5C10916F17D1153E007F536E /* cpp_headers.hpp */ = {isa = PBXFileReference; fileEncoding = 4; lastKnownFileType = sourcecode.cpp.h; path = cpp_headers.hpp; sourceTree = "<group>"; };
		5C10917017D1153E007F536E /* event.cpp */ = {isa = PBXFileReference; fileEncoding = 4; lastKnownFileType = sourcecode.cpp.cpp; path = event.cpp; sourceTree = "<group>"; };
		5C10917117D1153E007F536E /* event.hpp */ = {isa = PBXFileReference; fileEncoding = 4; lastKnownFileType = sourcecode.cpp.h; path = event.hpp; sourceTree = "<group>"; };
		5C10917217D1153E007F536E /* event_objects.hpp */ = {isa = PBXFileReference; fileEncoding = 4; lastKnownFileType = sourcecode.cpp.h; path = event_objects.hpp; sourceTree = "<group>"; };
		5C10917317D1153E007F536E /* file_io.cpp */ = {isa = PBXFileReference; fileEncoding = 4; lastKnownFileType = sourcecode.cpp.cpp; path = file_io.cpp; sourceTree = "<group>"; };
		5C10917417D1153E007F536E /* file_io.hpp */ = {isa = PBXFileReference; fileEncoding = 4; lastKnownFileType = sourcecode.cpp.h; path = file_io.hpp; sourceTree = "<group>"; };
		5C10917617D1153E007F536E /* logger.cpp */ = {isa = PBXFileReference; fileEncoding = 4; lastKnownFileType = sourcecode.cpp.cpp; path = logger.cpp; sourceTree = "<group>"; };
		5C10917717D1153E007F536E /* logger.hpp */ = {isa = PBXFileReference; fileEncoding = 4; lastKnownFileType = sourcecode.cpp.h; path = logger.hpp; sourceTree = "<group>"; };
		5C10917A17D1153E007F536E /* platform.hpp */ = {isa = PBXFileReference; fileEncoding = 4; lastKnownFileType = sourcecode.cpp.h; path = platform.hpp; sourceTree = "<group>"; };
		5C10917B17D1153E007F536E /* timer.hpp */ = {isa = PBXFileReference; fileEncoding = 4; lastKnownFileType = sourcecode.cpp.h; path = timer.hpp; sourceTree = "<group>"; };
		5C10917C17D1153E007F536E /* unicode.cpp */ = {isa = PBXFileReference; fileEncoding = 4; lastKnownFileType = sourcecode.cpp.cpp; path = unicode.cpp; sourceTree = "<group>"; };
		5C10917D17D1153E007F536E /* unicode.hpp */ = {isa = PBXFileReference; fileEncoding = 4; lastKnownFileType = sourcecode.cpp.h; path = unicode.hpp; sourceTree = "<group>"; };
		5C10917E17D1153E007F536E /* util.cpp */ = {isa = PBXFileReference; fileEncoding = 4; lastKnownFileType = sourcecode.cpp.cpp; path = util.cpp; sourceTree = "<group>"; };
		5C10917F17D1153E007F536E /* util.hpp */ = {isa = PBXFileReference; fileEncoding = 4; lastKnownFileType = sourcecode.cpp.h; path = util.hpp; sourceTree = "<group>"; };
		5C10918617D1153E007F536E /* xml.cpp */ = {isa = PBXFileReference; fileEncoding = 4; lastKnownFileType = sourcecode.cpp.cpp; path = xml.cpp; sourceTree = "<group>"; };
		5C10918717D1153E007F536E /* xml.hpp */ = {isa = PBXFileReference; fileEncoding = 4; lastKnownFileType = sourcecode.cpp.h; path = xml.hpp; sourceTree = "<group>"; };
		5C10918917D1153E007F536E /* cudacl.cpp */ = {isa = PBXFileReference; fileEncoding = 4; lastKnownFileType = sourcecode.cpp.cpp; path = cudacl.cpp; sourceTree = "<group>"; };
		5C10919017D1153E007F536E /* city.hpp */ = {isa = PBXFileReference; fileEncoding = 4; lastKnownFileType = sourcecode.cpp.h; path = city.hpp; sourceTree = "<group>"; };
		5C10919317D1153E007F536E /* error_code.cpp */ = {isa = PBXFileReference; fileEncoding = 4; lastKnownFileType = sourcecode.cpp.cpp; path = error_code.cpp; sourceTree = "<group>"; };
		5C10919517D1153E007F536E /* local_free_on_destruction.hpp */ = {isa = PBXFileReference; fileEncoding = 4; lastKnownFileType = sourcecode.cpp.h; path = local_free_on_destruction.hpp; sourceTree = "<group>"; };
		5C10919617D1153E007F536E /* http_net.hpp */ = {isa = PBXFileReference; fileEncoding = 4; lastKnownFileType = sourcecode.cpp.h; path = http_net.hpp; sourceTree = "<group>"; };
		5C10919717D1153E007F536E /* irc_net.hpp */ = {isa = PBXFileReference; fileEncoding = 4; lastKnownFileType = sourcecode.cpp.h; path = irc_net.hpp; sourceTree = "<group>"; };
		5C10919817D1153E007F536E /* net.hpp */ = {isa = PBXFileReference; fileEncoding = 4; lastKnownFileType = sourcecode.cpp.h; path = net.hpp; sourceTree = "<group>"; };
		5C10919917D1153E007F536E /* net_protocol.hpp */ = {isa = PBXFileReference; fileEncoding = 4; lastKnownFileType = sourcecode.cpp.h; path = net_protocol.hpp; sourceTree = "<group>"; };
		5C10919A17D1153E007F536E /* net_tcp.hpp */ = {isa = PBXFileReference; fileEncoding = 4; lastKnownFileType = sourcecode.cpp.h; path = net_tcp.hpp; sourceTree = "<group>"; };
		5C10919C17D1153E007F536E /* task.cpp */ = {isa = PBXFileReference; fileEncoding = 4; lastKnownFileType = sourcecode.cpp.cpp; path = task.cpp; sourceTree = "<group>"; };
		5C10919D17D1153E007F536E /* task.hpp */ = {isa = PBXFileReference; fileEncoding = 4; lastKnownFileType = sourcecode.cpp.h; path = task.hpp; sourceTree = "<group>"; };
		5C10919E17D1153E007F536E /* thread_base.cpp */ = {isa = PBXFileReference; fileEncoding = 4; lastKnownFileType = sourcecode.cpp.cpp; path = thread_base.cpp; sourceTree = "<group>"; };
		5C10919F17D1153E007F536E /* thread_base.hpp */ = {isa = PBXFileReference; fileEncoding = 4; lastKnownFileType = sourcecode.cpp.h; path = thread_base.hpp; sourceTree = "<group>"; };
		5C1091D417D117B8007F536E /* city.cpp */ = {isa = PBXFileReference; fileEncoding = 4; lastKnownFileType = sourcecode.cpp.cpp; path = city.cpp; sourceTree = "<group>"; };
		5C1091D717D14095007F536E /* floor.hpp */ = {isa = PBXFileReference; lastKnownFileType = sourcecode.cpp.h; path = floor.hpp; sourceTree = "<group>"; };
		5C1091EB17D1484C007F536E /* osx_helper.hpp */ = {isa = PBXFileReference; fileEncoding = 4; lastKnownFileType = sourcecode.cpp.h; path = osx_helper.hpp; sourceTree = "<group>"; };
		5C1091EC17D1484C007F536E /* osx_helper.mm */ = {isa = PBXFileReference; fileEncoding = 4; lastKnownFileType = sourcecode.cpp.objcpp; path = osx_helper.mm; sourceTree = "<group>"; };
		5C1091F017D148AD007F536E /* SDL2.framework */ = {isa = PBXFileReference; lastKnownFileType = wrapper.framework; name = SDL2.framework; path = Library/Frameworks/SDL2.framework; sourceTree = SDKROOT; };
		5C1091F217D148B8007F536E /* OpenCL.framework */ = {isa = PBXFileReference; lastKnownFileType = wrapper.framework; name = OpenCL.framework; path = System/Library/Frameworks/OpenCL.framework; sourceTree = SDKROOT; };
		5C1091F317D148B8007F536E /* OpenGL.framework */ = {isa = PBXFileReference; lastKnownFileType = wrapper.framework; name = OpenGL.framework; path = System/Library/Frameworks/OpenGL.framework; sourceTree = SDKROOT; };
		5C1091F617D148C5007F536E /* Cocoa.framework */ = {isa = PBXFileReference; lastKnownFileType = wrapper.framework; name = Cocoa.framework; path = System/Library/Frameworks/Cocoa.framework; sourceTree = SDKROOT; };
		5C1091F817D148CB007F536E /* AppKit.framework */ = {isa = PBXFileReference; lastKnownFileType = wrapper.framework; name = AppKit.framework; path = System/Library/Frameworks/AppKit.framework; sourceTree = SDKROOT; };
		5C1091FA17D148D0007F536E /* ApplicationServices.framework */ = {isa = PBXFileReference; lastKnownFileType = wrapper.framework; name = ApplicationServices.framework; path = System/Library/Frameworks/ApplicationServices.framework; sourceTree = SDKROOT; };
		5C1091FC17D148DB007F536E /* libxml2.dylib */ = {isa = PBXFileReference; lastKnownFileType = "compiled.mach-o.dylib"; name = libxml2.dylib; path = usr/lib/libxml2.dylib; sourceTree = SDKROOT; };
		5C1091FF17D14C95007F536E /* floor.cpp */ = {isa = PBXFileReference; fileEncoding = 4; lastKnownFileType = sourcecode.cpp.cpp; path = floor.cpp; sourceTree = "<group>"; };
		5C10920117D1F80E007F536E /* gl_support.cpp */ = {isa = PBXFileReference; fileEncoding = 4; lastKnownFileType = sourcecode.cpp.cpp; path = gl_support.cpp; sourceTree = "<group>"; };
		5C10920517D1F81B007F536E /* gl_support.hpp */ = {isa = PBXFileReference; fileEncoding = 4; lastKnownFileType = sourcecode.cpp.h; path = gl_support.hpp; sourceTree = "<group>"; };
		5C10920717D1FA12007F536E /* floor_version.hpp */ = {isa = PBXFileReference; fileEncoding = 4; lastKnownFileType = sourcecode.cpp.h; path = floor_version.hpp; sourceTree = "<group>"; };
		5C366DDA19A64FF2006D1D09 /* const_math.hpp */ = {isa = PBXFileReference; fileEncoding = 4; lastKnownFileType = sourcecode.cpp.h; path = const_math.hpp; sourceTree = "<group>"; };
		5C366DDB19A64FF2006D1D09 /* const_string.hpp */ = {isa = PBXFileReference; fileEncoding = 4; lastKnownFileType = sourcecode.cpp.h; path = const_string.hpp; sourceTree = "<group>"; };
		5C366DDE19A65E11006D1D09 /* const_helpers.hpp */ = {isa = PBXFileReference; fileEncoding = 4; lastKnownFileType = sourcecode.cpp.h; path = const_helpers.hpp; sourceTree = "<group>"; };
		5C4A85A118F9527E0039BFD4 /* grammar.cpp */ = {isa = PBXFileReference; fileEncoding = 4; lastKnownFileType = sourcecode.cpp.cpp; path = grammar.cpp; sourceTree = "<group>"; };
		5C4A85A218F9527E0039BFD4 /* grammar.hpp */ = {isa = PBXFileReference; fileEncoding = 4; lastKnownFileType = sourcecode.cpp.h; path = grammar.hpp; sourceTree = "<group>"; };
		5C4A85A618F953590039BFD4 /* lang_context.cpp */ = {isa = PBXFileReference; fileEncoding = 4; lastKnownFileType = sourcecode.cpp.cpp; path = lang_context.cpp; sourceTree = "<group>"; };
		5C4A85A718F953590039BFD4 /* lang_context.hpp */ = {isa = PBXFileReference; fileEncoding = 4; lastKnownFileType = sourcecode.cpp.h; path = lang_context.hpp; sourceTree = "<group>"; };
		5C4A85A818F953590039BFD4 /* lexer.cpp */ = {isa = PBXFileReference; fileEncoding = 4; lastKnownFileType = sourcecode.cpp.cpp; path = lexer.cpp; sourceTree = "<group>"; };
		5C4A85A918F953590039BFD4 /* lexer.hpp */ = {isa = PBXFileReference; fileEncoding = 4; lastKnownFileType = sourcecode.cpp.h; path = lexer.hpp; sourceTree = "<group>"; };
		5C4A85AA18F953590039BFD4 /* source_types.cpp */ = {isa = PBXFileReference; fileEncoding = 4; lastKnownFileType = sourcecode.cpp.cpp; path = source_types.cpp; sourceTree = "<group>"; };
		5C4A85AB18F953590039BFD4 /* source_types.hpp */ = {isa = PBXFileReference; fileEncoding = 4; lastKnownFileType = sourcecode.cpp.h; path = source_types.hpp; sourceTree = "<group>"; };
		5C4A85B518F955B30039BFD4 /* ast_base.cpp */ = {isa = PBXFileReference; fileEncoding = 4; lastKnownFileType = sourcecode.cpp.cpp; path = ast_base.cpp; sourceTree = "<group>"; };
		5C4A85B618F955B30039BFD4 /* ast_base.hpp */ = {isa = PBXFileReference; fileEncoding = 4; lastKnownFileType = sourcecode.cpp.h; path = ast_base.hpp; sourceTree = "<group>"; };
		5C4A85BA18F95EE40039BFD4 /* parser.cpp */ = {isa = PBXFileReference; fileEncoding = 4; lastKnownFileType = sourcecode.cpp.cpp; path = parser.cpp; sourceTree = "<group>"; };
		5C4A85BB18F95EE40039BFD4 /* parser.hpp */ = {isa = PBXFileReference; fileEncoding = 4; lastKnownFileType = sourcecode.cpp.h; path = parser.hpp; sourceTree = "<group>"; };
		5C5DA0C019CD39B7009CBCA2 /* soft_i128.hpp */ = {isa = PBXFileReference; fileEncoding = 4; lastKnownFileType = sourcecode.cpp.h; path = soft_i128.hpp; sourceTree = "<group>"; };
		5C7173A818D7144E00DDF097 /* OpenALSoft.framework */ = {isa = PBXFileReference; lastKnownFileType = wrapper.framework; name = OpenALSoft.framework; path = ../../../../Library/Frameworks/OpenALSoft.framework; sourceTree = "<group>"; };
		5C7173AB18D717EB00DDF097 /* audio_headers.cpp */ = {isa = PBXFileReference; fileEncoding = 4; lastKnownFileType = sourcecode.cpp.cpp; name = audio_headers.cpp; path = audio/audio_headers.cpp; sourceTree = "<group>"; };
		5C7173AC18D717EB00DDF097 /* audio_headers.hpp */ = {isa = PBXFileReference; fileEncoding = 4; lastKnownFileType = sourcecode.cpp.h; name = audio_headers.hpp; path = audio/audio_headers.hpp; sourceTree = "<group>"; };
		5C7173AD18D717EB00DDF097 /* audio_store.cpp */ = {isa = PBXFileReference; fileEncoding = 4; lastKnownFileType = sourcecode.cpp.cpp; name = audio_store.cpp; path = audio/audio_store.cpp; sourceTree = "<group>"; };
		5C7173AE18D717EB00DDF097 /* audio_store.hpp */ = {isa = PBXFileReference; fileEncoding = 4; lastKnownFileType = sourcecode.cpp.h; name = audio_store.hpp; path = audio/audio_store.hpp; sourceTree = "<group>"; };
		5C7173C118D7288900DDF097 /* audio_controller.cpp */ = {isa = PBXFileReference; fileEncoding = 4; lastKnownFileType = sourcecode.cpp.cpp; name = audio_controller.cpp; path = audio/audio_controller.cpp; sourceTree = "<group>"; };
		5C7173C218D7288900DDF097 /* audio_controller.hpp */ = {isa = PBXFileReference; fileEncoding = 4; lastKnownFileType = sourcecode.cpp.h; name = audio_controller.hpp; path = audio/audio_controller.hpp; sourceTree = "<group>"; };
		5C7173CA18D8AE0700DDF097 /* audio_source.hpp */ = {isa = PBXFileReference; fileEncoding = 4; lastKnownFileType = sourcecode.cpp.h; name = audio_source.hpp; path = audio/audio_source.hpp; sourceTree = "<group>"; };
		5C7173CB18D8AE0700DDF097 /* audio_source.cpp */ = {isa = PBXFileReference; fileEncoding = 4; lastKnownFileType = sourcecode.cpp.cpp; name = audio_source.cpp; path = audio/audio_source.cpp; sourceTree = "<group>"; };
		5C7800FE19D5BC4000853135 /* llvm_compute.cpp */ = {isa = PBXFileReference; fileEncoding = 4; lastKnownFileType = sourcecode.cpp.cpp; path = llvm_compute.cpp; sourceTree = "<group>"; };
		5C7800FF19D5BC4000853135 /* llvm_compute.hpp */ = {isa = PBXFileReference; fileEncoding = 4; lastKnownFileType = sourcecode.cpp.h; path = llvm_compute.hpp; sourceTree = "<group>"; };
		5C78010319D5CC4700853135 /* compute_support.hpp */ = {isa = PBXFileReference; lastKnownFileType = sourcecode.cpp.h; path = compute_support.hpp; sourceTree = "<group>"; };
		5C782595187226DA00725EAF /* floor_prefix.pch */ = {isa = PBXFileReference; lastKnownFileType = sourcecode.c.h; path = floor_prefix.pch; sourceTree = "<group>"; };
		5C7F30BD17F5EB6F0071C3D1 /* http_scheduler.cpp */ = {isa = PBXFileReference; fileEncoding = 4; lastKnownFileType = sourcecode.cpp.cpp; path = http_scheduler.cpp; sourceTree = "<group>"; };
		5C7F30C117F5EB930071C3D1 /* http_scheduler.hpp */ = {isa = PBXFileReference; fileEncoding = 4; lastKnownFileType = sourcecode.cpp.h; path = http_scheduler.hpp; sourceTree = "<group>"; };
		5C81C42F17E59FE800FE6791 /* install.sh */ = {isa = PBXFileReference; lastKnownFileType = text.script.sh; path = install.sh; sourceTree = "<group>"; };
		5CAEC25A18679A0F00BEC3A3 /* ios_helper.hpp */ = {isa = PBXFileReference; fileEncoding = 4; lastKnownFileType = sourcecode.cpp.h; name = ios_helper.hpp; path = ios/ios_helper.hpp; sourceTree = "<group>"; };
		5CAEC25B18679A0F00BEC3A3 /* ios_helper.mm */ = {isa = PBXFileReference; fileEncoding = 4; lastKnownFileType = sourcecode.cpp.objcpp; name = ios_helper.mm; path = ios/ios_helper.mm; sourceTree = "<group>"; };
		5CAEC25D18679A8900BEC3A3 /* OpenGLES.framework */ = {isa = PBXFileReference; lastKnownFileType = wrapper.framework; name = OpenGLES.framework; path = Platforms/iPhoneOS.platform/Developer/SDKs/iPhoneOS7.0.sdk/System/Library/Frameworks/OpenGLES.framework; sourceTree = DEVELOPER_DIR; };
		5CAEC25F18679AE800BEC3A3 /* UIKit.framework */ = {isa = PBXFileReference; lastKnownFileType = wrapper.framework; name = UIKit.framework; path = Platforms/iPhoneOS.platform/Developer/SDKs/iPhoneOS7.0.sdk/System/Library/Frameworks/UIKit.framework; sourceTree = DEVELOPER_DIR; };
		5CAEC26118679AF000BEC3A3 /* CoreImage.framework */ = {isa = PBXFileReference; lastKnownFileType = wrapper.framework; name = CoreImage.framework; path = Platforms/iPhoneOS.platform/Developer/SDKs/iPhoneOS7.0.sdk/System/Library/Frameworks/CoreImage.framework; sourceTree = DEVELOPER_DIR; };
		5CAEC26218679AF000BEC3A3 /* ImageIO.framework */ = {isa = PBXFileReference; lastKnownFileType = wrapper.framework; name = ImageIO.framework; path = Platforms/iPhoneOS.platform/Developer/SDKs/iPhoneOS7.0.sdk/System/Library/Frameworks/ImageIO.framework; sourceTree = DEVELOPER_DIR; };
		5CAEC26518679AFA00BEC3A3 /* libxml2.2.dylib */ = {isa = PBXFileReference; lastKnownFileType = "compiled.mach-o.dylib"; name = libxml2.2.dylib; path = Platforms/iPhoneOS.platform/Developer/SDKs/iPhoneOS7.0.sdk/usr/lib/libxml2.2.dylib; sourceTree = DEVELOPER_DIR; };
		5CAEC26718679B0800BEC3A3 /* CoreAudio.framework */ = {isa = PBXFileReference; lastKnownFileType = wrapper.framework; name = CoreAudio.framework; path = Platforms/iPhoneOS.platform/Developer/SDKs/iPhoneOS7.0.sdk/System/Library/Frameworks/CoreAudio.framework; sourceTree = DEVELOPER_DIR; };
		5CAEC26818679B0800BEC3A3 /* CoreGraphics.framework */ = {isa = PBXFileReference; lastKnownFileType = wrapper.framework; name = CoreGraphics.framework; path = Platforms/iPhoneOS.platform/Developer/SDKs/iPhoneOS7.0.sdk/System/Library/Frameworks/CoreGraphics.framework; sourceTree = DEVELOPER_DIR; };
		5CAEC26B18679B1600BEC3A3 /* AudioToolbox.framework */ = {isa = PBXFileReference; lastKnownFileType = wrapper.framework; name = AudioToolbox.framework; path = Platforms/iPhoneOS.platform/Developer/SDKs/iPhoneOS7.0.sdk/System/Library/Frameworks/AudioToolbox.framework; sourceTree = DEVELOPER_DIR; };
		5CAEC26D18679B1D00BEC3A3 /* QuartzCore.framework */ = {isa = PBXFileReference; lastKnownFileType = wrapper.framework; name = QuartzCore.framework; path = Platforms/iPhoneOS.platform/Developer/SDKs/iPhoneOS7.0.sdk/System/Library/Frameworks/QuartzCore.framework; sourceTree = DEVELOPER_DIR; };
		5CAEC26F18679B2800BEC3A3 /* MobileCoreServices.framework */ = {isa = PBXFileReference; lastKnownFileType = wrapper.framework; name = MobileCoreServices.framework; path = Platforms/iPhoneOS.platform/Developer/SDKs/iPhoneOS7.0.sdk/System/Library/Frameworks/MobileCoreServices.framework; sourceTree = DEVELOPER_DIR; };
		5CAEC2721867A41500BEC3A3 /* libSDL2_image.a */ = {isa = PBXFileReference; lastKnownFileType = archive.ar; name = libSDL2_image.a; path = Platforms/iPhoneOS.platform/Developer/SDKs/iPhoneOS7.0.sdk/usr/lib/libSDL2_image.a; sourceTree = DEVELOPER_DIR; };
		5CAEC2731867A41500BEC3A3 /* libSDL2.a */ = {isa = PBXFileReference; lastKnownFileType = archive.ar; name = libSDL2.a; path = Platforms/iPhoneOS.platform/Developer/SDKs/iPhoneOS7.0.sdk/usr/lib/libSDL2.a; sourceTree = DEVELOPER_DIR; };
		5CAEC2761867AC4A00BEC3A3 /* OpenCL.framework */ = {isa = PBXFileReference; lastKnownFileType = wrapper.framework; name = OpenCL.framework; path = Platforms/iPhoneOS.platform/Developer/SDKs/iPhoneOS7.0.sdk/System/Library/PrivateFrameworks/OpenCL.framework; sourceTree = DEVELOPER_DIR; };
		5CBD02DF1A45F46100B1F4A1 /* thread_safety.hpp */ = {isa = PBXFileReference; lastKnownFileType = sourcecode.cpp.h; path = thread_safety.hpp; sourceTree = "<group>"; };
		5CBD02E01A45F65400B1F4A1 /* atomic_shared_ptr.hpp */ = {isa = PBXFileReference; lastKnownFileType = sourcecode.cpp.h; path = atomic_shared_ptr.hpp; sourceTree = "<group>"; };
		5CBD02E11A45F65400B1F4A1 /* atomic_spin_lock.hpp */ = {isa = PBXFileReference; lastKnownFileType = sourcecode.cpp.h; path = atomic_spin_lock.hpp; sourceTree = "<group>"; };
		5CBD02E21A45F7E900B1F4A1 /* atomics.hpp */ = {isa = PBXFileReference; lastKnownFileType = sourcecode.cpp.h; path = atomics.hpp; sourceTree = "<group>"; };
		5CC2F77518678AAC0031E08D /* libfloord.a */ = {isa = PBXFileReference; explicitFileType = archive.ar; includeInIndex = 0; path = libfloord.a; sourceTree = BUILT_PRODUCTS_DIR; };
		5CC2F77718678AAD0031E08D /* Foundation.framework */ = {isa = PBXFileReference; lastKnownFileType = wrapper.framework; name = Foundation.framework; path = System/Library/Frameworks/Foundation.framework; sourceTree = SDKROOT; };
		5CC2F78518678AAD0031E08D /* XCTest.framework */ = {isa = PBXFileReference; lastKnownFileType = wrapper.framework; name = XCTest.framework; path = Library/Frameworks/XCTest.framework; sourceTree = DEVELOPER_DIR; };
		5CC2F78818678AAD0031E08D /* UIKit.framework */ = {isa = PBXFileReference; lastKnownFileType = wrapper.framework; name = UIKit.framework; path = Library/Frameworks/UIKit.framework; sourceTree = DEVELOPER_DIR; };
		5CD2173F19E9213B0049D6AE /* compute_base.hpp */ = {isa = PBXFileReference; fileEncoding = 4; lastKnownFileType = sourcecode.cpp.h; path = compute_base.hpp; sourceTree = "<group>"; };
		5CD2174019E9213B0049D6AE /* compute_base.cpp */ = {isa = PBXFileReference; fileEncoding = 4; lastKnownFileType = sourcecode.cpp.cpp; path = compute_base.cpp; sourceTree = "<group>"; };
		5CD2175319E985D80049D6AE /* cuda_compute.cpp */ = {isa = PBXFileReference; fileEncoding = 4; lastKnownFileType = sourcecode.cpp.cpp; path = cuda_compute.cpp; sourceTree = "<group>"; };
		5CD2175419E985D80049D6AE /* cuda_compute.hpp */ = {isa = PBXFileReference; fileEncoding = 4; lastKnownFileType = sourcecode.cpp.h; path = cuda_compute.hpp; sourceTree = "<group>"; };
		5CD2175619E985D80049D6AE /* opencl_compute.cpp */ = {isa = PBXFileReference; fileEncoding = 4; lastKnownFileType = sourcecode.cpp.cpp; path = opencl_compute.cpp; sourceTree = "<group>"; };
		5CD2175719E985D80049D6AE /* opencl_compute.hpp */ = {isa = PBXFileReference; fileEncoding = 4; lastKnownFileType = sourcecode.cpp.h; path = opencl_compute.hpp; sourceTree = "<group>"; };
		5CD2175E19EA9D620049D6AE /* compute_device.hpp */ = {isa = PBXFileReference; fileEncoding = 4; lastKnownFileType = sourcecode.cpp.h; path = compute_device.hpp; sourceTree = "<group>"; };
		5CD2175F19EA9D620049D6AE /* compute_device.cpp */ = {isa = PBXFileReference; fileEncoding = 4; lastKnownFileType = sourcecode.cpp.cpp; path = compute_device.cpp; sourceTree = "<group>"; };
		5CD2176319EAA8800049D6AE /* opencl_device.cpp */ = {isa = PBXFileReference; fileEncoding = 4; lastKnownFileType = sourcecode.cpp.cpp; path = opencl_device.cpp; sourceTree = "<group>"; };
		5CD2176419EAA8800049D6AE /* opencl_device.hpp */ = {isa = PBXFileReference; fileEncoding = 4; lastKnownFileType = sourcecode.cpp.h; path = opencl_device.hpp; sourceTree = "<group>"; };
		5CD2176819EBEC4B0049D6AE /* README.textile */ = {isa = PBXFileReference; lastKnownFileType = text; path = README.textile; sourceTree = "<group>"; };
		5CE0BDC719B90930000B28B3 /* vector_ops_cleanup.hpp */ = {isa = PBXFileReference; lastKnownFileType = sourcecode.cpp.h; path = vector_ops_cleanup.hpp; sourceTree = "<group>"; };
		5CE0BDC819BA3469000B28B3 /* const_math.cpp */ = {isa = PBXFileReference; fileEncoding = 4; lastKnownFileType = sourcecode.cpp.cpp; path = const_math.cpp; sourceTree = "<group>"; };
		5CE0BDCB19BA432C000B28B3 /* vector_lib.cpp */ = {isa = PBXFileReference; fileEncoding = 4; lastKnownFileType = sourcecode.cpp.cpp; path = vector_lib.cpp; sourceTree = "<group>"; };
		5CE0BDCE19BA46E3000B28B3 /* vector.cpp */ = {isa = PBXFileReference; fileEncoding = 4; lastKnownFileType = sourcecode.cpp.cpp; path = vector.cpp; sourceTree = "<group>"; };
		5CE0BDD219BB2A75000B28B3 /* bbox.hpp */ = {isa = PBXFileReference; fileEncoding = 4; lastKnownFileType = sourcecode.cpp.h; path = bbox.hpp; sourceTree = "<group>"; };
		5CE0BDD319BB2A75000B28B3 /* matrix4.cpp */ = {isa = PBXFileReference; fileEncoding = 4; lastKnownFileType = sourcecode.cpp.cpp; path = matrix4.cpp; sourceTree = "<group>"; };
		5CE0BDD419BB2A75000B28B3 /* matrix4.hpp */ = {isa = PBXFileReference; fileEncoding = 4; lastKnownFileType = sourcecode.cpp.h; path = matrix4.hpp; sourceTree = "<group>"; };
		5CE0BDD519BB2A75000B28B3 /* quaternion.cpp */ = {isa = PBXFileReference; fileEncoding = 4; lastKnownFileType = sourcecode.cpp.cpp; path = quaternion.cpp; sourceTree = "<group>"; };
		5CE0BDD619BB2A75000B28B3 /* quaternion.hpp */ = {isa = PBXFileReference; fileEncoding = 4; lastKnownFileType = sourcecode.cpp.h; path = quaternion.hpp; sourceTree = "<group>"; };
		5CE0BDD719BB2A75000B28B3 /* ray.hpp */ = {isa = PBXFileReference; fileEncoding = 4; lastKnownFileType = sourcecode.cpp.h; path = ray.hpp; sourceTree = "<group>"; };
		5CEB9F611A4BF91B00EC3543 /* compute_buffer.cpp */ = {isa = PBXFileReference; fileEncoding = 4; lastKnownFileType = sourcecode.cpp.cpp; path = compute_buffer.cpp; sourceTree = "<group>"; };
		5CEB9F621A4BF91B00EC3543 /* compute_buffer.hpp */ = {isa = PBXFileReference; fileEncoding = 4; lastKnownFileType = sourcecode.cpp.h; path = compute_buffer.hpp; sourceTree = "<group>"; };
		5CEB9F631A4BF91B00EC3543 /* compute_kernel.cpp */ = {isa = PBXFileReference; fileEncoding = 4; lastKnownFileType = sourcecode.cpp.cpp; path = compute_kernel.cpp; sourceTree = "<group>"; };
		5CEB9F641A4BF91B00EC3543 /* compute_kernel.hpp */ = {isa = PBXFileReference; fileEncoding = 4; lastKnownFileType = sourcecode.cpp.h; path = compute_kernel.hpp; sourceTree = "<group>"; };
		5CEB9F651A4BF91B00EC3543 /* compute_queue.cpp */ = {isa = PBXFileReference; fileEncoding = 4; lastKnownFileType = sourcecode.cpp.cpp; path = compute_queue.cpp; sourceTree = "<group>"; };
		5CEB9F661A4BF91B00EC3543 /* compute_queue.hpp */ = {isa = PBXFileReference; fileEncoding = 4; lastKnownFileType = sourcecode.cpp.h; path = compute_queue.hpp; sourceTree = "<group>"; };
/* End PBXFileReference section */

/* Begin PBXFrameworksBuildPhase section */
		5C10915B17D114BC007F536E /* Frameworks */ = {
			isa = PBXFrameworksBuildPhase;
			buildActionMask = 2147483647;
			files = (
				5C7173A918D7144E00DDF097 /* OpenALSoft.framework in Frameworks */,
				5C1091FB17D148D0007F536E /* ApplicationServices.framework in Frameworks */,
				5C1091F917D148CB007F536E /* AppKit.framework in Frameworks */,
				5C1091F717D148C5007F536E /* Cocoa.framework in Frameworks */,
				5C1091F417D148B8007F536E /* OpenCL.framework in Frameworks */,
				5C1091F517D148B8007F536E /* OpenGL.framework in Frameworks */,
				5C1091FD17D148DB007F536E /* libxml2.dylib in Frameworks */,
			);
			runOnlyForDeploymentPostprocessing = 0;
		};
		5CC2F77218678AAC0031E08D /* Frameworks */ = {
			isa = PBXFrameworksBuildPhase;
			buildActionMask = 2147483647;
			files = (
				5CAEC26C18679B1600BEC3A3 /* AudioToolbox.framework in Frameworks */,
				5CAEC26918679B0800BEC3A3 /* CoreAudio.framework in Frameworks */,
				5CC2F77818678AAD0031E08D /* Foundation.framework in Frameworks */,
				5CAEC2771867AC4A00BEC3A3 /* OpenCL.framework in Frameworks */,
				5CAEC25E18679A8900BEC3A3 /* OpenGLES.framework in Frameworks */,
				5CAEC26E18679B1D00BEC3A3 /* QuartzCore.framework in Frameworks */,
				5CAEC26018679AE800BEC3A3 /* UIKit.framework in Frameworks */,
			);
			runOnlyForDeploymentPostprocessing = 0;
		};
/* End PBXFrameworksBuildPhase section */

/* Begin PBXGroup section */
		5C0DF00719B8C79200331AAC /* math */ = {
			isa = PBXGroup;
			children = (
				5CE0BDD219BB2A75000B28B3 /* bbox.hpp */,
				5CE0BDD319BB2A75000B28B3 /* matrix4.cpp */,
				5CE0BDD419BB2A75000B28B3 /* matrix4.hpp */,
				5CE0BDD519BB2A75000B28B3 /* quaternion.cpp */,
				5CE0BDD619BB2A75000B28B3 /* quaternion.hpp */,
				5CE0BDD719BB2A75000B28B3 /* ray.hpp */,
				5CE0BDCB19BA432C000B28B3 /* vector_lib.cpp */,
				5C0DF00A19B8C79200331AAC /* vector_lib.hpp */,
				5CE0BDCE19BA46E3000B28B3 /* vector.cpp */,
				5C0DF00819B8C79200331AAC /* vector.hpp */,
				5C0DF00919B8C79200331AAC /* vector_helper.hpp */,
				5C0DF00B19B8C79200331AAC /* vector_ops.hpp */,
				5CE0BDC719B90930000B28B3 /* vector_ops_cleanup.hpp */,
			);
			path = math;
			sourceTree = "<group>";
		};
		5C10915517D114BC007F536E = {
			isa = PBXGroup;
			children = (
				5C81C42C17E59A1A00FE6791 /* build */,
				5C1091D317D11547007F536E /* src */,
				5C1091FE17D148EF007F536E /* libs */,
				5CC2F77618678AAD0031E08D /* Frameworks */,
				5C10915F17D114BC007F536E /* Products */,
			);
			sourceTree = "<group>";
		};
		5C10915F17D114BC007F536E /* Products */ = {
			isa = PBXGroup;
			children = (
				5C10915E17D114BC007F536E /* libfloord.dylib */,
				5CC2F77518678AAC0031E08D /* libfloord.a */,
			);
			name = Products;
			sourceTree = "<group>";
		};
		5C10916517D1153E007F536E /* cl */ = {
			isa = PBXGroup;
			children = (
				5C10916617D1153E007F536E /* cl.hpp */,
				5C10916717D1153E007F536E /* opencl.cpp */,
				5C10916817D1153E007F536E /* opencl.hpp */,
			);
			path = cl;
			sourceTree = "<group>";
		};
		5C10916917D1153E007F536E /* core */ = {
			isa = PBXGroup;
			children = (
				5C10916D17D1153E007F536E /* core.cpp */,
				5C10916E17D1153E007F536E /* core.hpp */,
				5C10916F17D1153E007F536E /* cpp_headers.hpp */,
				5C0686B819C9285200CF63C8 /* essentials.hpp */,
				5C10917017D1153E007F536E /* event.cpp */,
				5C10917117D1153E007F536E /* event.hpp */,
				5C10917217D1153E007F536E /* event_objects.hpp */,
				5C10917317D1153E007F536E /* file_io.cpp */,
				5C10917417D1153E007F536E /* file_io.hpp */,
				5C10920117D1F80E007F536E /* gl_support.cpp */,
				5C10920517D1F81B007F536E /* gl_support.hpp */,
				5C10917617D1153E007F536E /* logger.cpp */,
				5C10917717D1153E007F536E /* logger.hpp */,
				5C10917A17D1153E007F536E /* platform.hpp */,
				5C10917B17D1153E007F536E /* timer.hpp */,
				5C10917C17D1153E007F536E /* unicode.cpp */,
				5C10917D17D1153E007F536E /* unicode.hpp */,
				5C10917E17D1153E007F536E /* util.cpp */,
				5C10917F17D1153E007F536E /* util.hpp */,
				5C10918617D1153E007F536E /* xml.cpp */,
				5C10918717D1153E007F536E /* xml.hpp */,
			);
			path = core;
			sourceTree = "<group>";
		};
		5C10918817D1153E007F536E /* cuda */ = {
			isa = PBXGroup;
			children = (
				5C10918917D1153E007F536E /* cudacl.cpp */,
			);
			path = cuda;
			sourceTree = "<group>";
		};
		5C10918E17D1153E007F536E /* hash */ = {
			isa = PBXGroup;
			children = (
				5C1091D417D117B8007F536E /* city.cpp */,
				5C10919017D1153E007F536E /* city.hpp */,
			);
			path = hash;
			sourceTree = "<group>";
		};
		5C10919117D1153E007F536E /* net */ = {
			isa = PBXGroup;
			children = (
				5C10919217D1153E007F536E /* boost_system */,
				5C10919617D1153E007F536E /* http_net.hpp */,
				5C10919717D1153E007F536E /* irc_net.hpp */,
				5C10919817D1153E007F536E /* net.hpp */,
				5C10919917D1153E007F536E /* net_protocol.hpp */,
				5C10919A17D1153E007F536E /* net_tcp.hpp */,
				5C7F30BD17F5EB6F0071C3D1 /* http_scheduler.cpp */,
				5C7F30C117F5EB930071C3D1 /* http_scheduler.hpp */,
			);
			path = net;
			sourceTree = "<group>";
		};
		5C10919217D1153E007F536E /* boost_system */ = {
			isa = PBXGroup;
			children = (
				5C10919317D1153E007F536E /* error_code.cpp */,
				5C10919517D1153E007F536E /* local_free_on_destruction.hpp */,
			);
			path = boost_system;
			sourceTree = "<group>";
		};
		5C10919B17D1153E007F536E /* threading */ = {
			isa = PBXGroup;
			children = (
				5CBD02E21A45F7E900B1F4A1 /* atomics.hpp */,
				5CBD02E01A45F65400B1F4A1 /* atomic_shared_ptr.hpp */,
				5CBD02E11A45F65400B1F4A1 /* atomic_spin_lock.hpp */,
				5C10919C17D1153E007F536E /* task.cpp */,
				5C10919D17D1153E007F536E /* task.hpp */,
				5C10919E17D1153E007F536E /* thread_base.cpp */,
				5C10919F17D1153E007F536E /* thread_base.hpp */,
				5CBD02DF1A45F46100B1F4A1 /* thread_safety.hpp */,
			);
			path = threading;
			sourceTree = "<group>";
		};
		5C1091D317D11547007F536E /* src */ = {
			isa = PBXGroup;
			children = (
				5C7173AA18D7147F00DDF097 /* audio */,
				5C10916517D1153E007F536E /* cl */,
				5C7800FD19D5BC4000853135 /* compute */,
				5C366DD919A64FF2006D1D09 /* constexpr */,
				5C10916917D1153E007F536E /* core */,
				5C10918817D1153E007F536E /* cuda */,
				5C1091D617D14095007F536E /* floor */,
				5C10918E17D1153E007F536E /* hash */,
				5CAEC259186799E300BEC3A3 /* ios */,
				5C4A85A018F9527E0039BFD4 /* lang */,
				5C0DF00719B8C79200331AAC /* math */,
				5C10919117D1153E007F536E /* net */,
				5C1091E317D1480A007F536E /* osx */,
				5C10919B17D1153E007F536E /* threading */,
			);
			name = src;
			sourceTree = "<group>";
		};
		5C1091D617D14095007F536E /* floor */ = {
			isa = PBXGroup;
			children = (
				5C1091FF17D14C95007F536E /* floor.cpp */,
				5C1091D717D14095007F536E /* floor.hpp */,
				5C0686BA19C92E1400CF63C8 /* floor_conf.hpp */,
				5C10920717D1FA12007F536E /* floor_version.hpp */,
			);
			path = floor;
			sourceTree = "<group>";
		};
		5C1091E317D1480A007F536E /* osx */ = {
			isa = PBXGroup;
			children = (
				5C1091EB17D1484C007F536E /* osx_helper.hpp */,
				5C1091EC17D1484C007F536E /* osx_helper.mm */,
			);
			path = osx;
			sourceTree = "<group>";
		};
		5C1091FE17D148EF007F536E /* libs */ = {
			isa = PBXGroup;
			children = (
				5C1091FC17D148DB007F536E /* libxml2.dylib */,
				5C1091FA17D148D0007F536E /* ApplicationServices.framework */,
				5C1091F817D148CB007F536E /* AppKit.framework */,
				5C1091F617D148C5007F536E /* Cocoa.framework */,
				5C1091F217D148B8007F536E /* OpenCL.framework */,
				5C1091F317D148B8007F536E /* OpenGL.framework */,
				5C1091F017D148AD007F536E /* SDL2.framework */,
			);
			name = libs;
			sourceTree = "<group>";
		};
		5C366DD919A64FF2006D1D09 /* constexpr */ = {
			isa = PBXGroup;
			children = (
				5C366DDE19A65E11006D1D09 /* const_helpers.hpp */,
				5CE0BDC819BA3469000B28B3 /* const_math.cpp */,
				5C366DDA19A64FF2006D1D09 /* const_math.hpp */,
				5C366DDB19A64FF2006D1D09 /* const_string.hpp */,
				5C5DA0C019CD39B7009CBCA2 /* soft_i128.hpp */,
			);
			path = constexpr;
			sourceTree = "<group>";
		};
		5C4A85A018F9527E0039BFD4 /* lang */ = {
			isa = PBXGroup;
			children = (
				5C4A85B518F955B30039BFD4 /* ast_base.cpp */,
				5C4A85B618F955B30039BFD4 /* ast_base.hpp */,
				5C4A85A118F9527E0039BFD4 /* grammar.cpp */,
				5C4A85A218F9527E0039BFD4 /* grammar.hpp */,
				5C4A85A618F953590039BFD4 /* lang_context.cpp */,
				5C4A85A718F953590039BFD4 /* lang_context.hpp */,
				5C4A85A818F953590039BFD4 /* lexer.cpp */,
				5C4A85A918F953590039BFD4 /* lexer.hpp */,
				5C4A85BA18F95EE40039BFD4 /* parser.cpp */,
				5C4A85BB18F95EE40039BFD4 /* parser.hpp */,
				5C4A85AA18F953590039BFD4 /* source_types.cpp */,
				5C4A85AB18F953590039BFD4 /* source_types.hpp */,
			);
			path = lang;
			sourceTree = "<group>";
		};
		5C7173AA18D7147F00DDF097 /* audio */ = {
			isa = PBXGroup;
			children = (
				5C7173C118D7288900DDF097 /* audio_controller.cpp */,
				5C7173C218D7288900DDF097 /* audio_controller.hpp */,
				5C7173AB18D717EB00DDF097 /* audio_headers.cpp */,
				5C7173AC18D717EB00DDF097 /* audio_headers.hpp */,
				5C7173CB18D8AE0700DDF097 /* audio_source.cpp */,
				5C7173CA18D8AE0700DDF097 /* audio_source.hpp */,
				5C7173AD18D717EB00DDF097 /* audio_store.cpp */,
				5C7173AE18D717EB00DDF097 /* audio_store.hpp */,
			);
			name = audio;
			sourceTree = "<group>";
		};
		5C7800FD19D5BC4000853135 /* compute */ = {
			isa = PBXGroup;
			children = (
				5CD2174019E9213B0049D6AE /* compute_base.cpp */,
				5CD2173F19E9213B0049D6AE /* compute_base.hpp */,
				5CEB9F611A4BF91B00EC3543 /* compute_buffer.cpp */,
				5CEB9F621A4BF91B00EC3543 /* compute_buffer.hpp */,
				5CD2175F19EA9D620049D6AE /* compute_device.cpp */,
				5CD2175E19EA9D620049D6AE /* compute_device.hpp */,
				5CEB9F631A4BF91B00EC3543 /* compute_kernel.cpp */,
				5CEB9F641A4BF91B00EC3543 /* compute_kernel.hpp */,
				5CEB9F651A4BF91B00EC3543 /* compute_queue.cpp */,
				5CEB9F661A4BF91B00EC3543 /* compute_queue.hpp */,
				5C78010319D5CC4700853135 /* compute_support.hpp */,
				5C7800FE19D5BC4000853135 /* llvm_compute.cpp */,
				5C7800FF19D5BC4000853135 /* llvm_compute.hpp */,
				5CD2175219E985D80049D6AE /* cuda */,
				5CD2175519E985D80049D6AE /* opencl */,
			);
			path = compute;
			sourceTree = "<group>";
		};
		5C81C42C17E59A1A00FE6791 /* build */ = {
			isa = PBXGroup;
			children = (
				5C81C42F17E59FE800FE6791 /* install.sh */,
				5C782595187226DA00725EAF /* floor_prefix.pch */,
				5C0686BC19C95FD800CF63C8 /* build.sh */,
				5CD2176819EBEC4B0049D6AE /* README.textile */,
			);
			name = build;
			sourceTree = "<group>";
		};
		5CAEC259186799E300BEC3A3 /* ios */ = {
			isa = PBXGroup;
			children = (
				5CAEC25A18679A0F00BEC3A3 /* ios_helper.hpp */,
				5CAEC25B18679A0F00BEC3A3 /* ios_helper.mm */,
			);
			name = ios;
			sourceTree = "<group>";
		};
		5CC2F77618678AAD0031E08D /* Frameworks */ = {
			isa = PBXGroup;
			children = (
				5C7173A818D7144E00DDF097 /* OpenALSoft.framework */,
				5CAEC2761867AC4A00BEC3A3 /* OpenCL.framework */,
				5CAEC2721867A41500BEC3A3 /* libSDL2_image.a */,
				5CAEC2731867A41500BEC3A3 /* libSDL2.a */,
				5CAEC26F18679B2800BEC3A3 /* MobileCoreServices.framework */,
				5CAEC26D18679B1D00BEC3A3 /* QuartzCore.framework */,
				5CAEC26B18679B1600BEC3A3 /* AudioToolbox.framework */,
				5CAEC26718679B0800BEC3A3 /* CoreAudio.framework */,
				5CAEC26818679B0800BEC3A3 /* CoreGraphics.framework */,
				5CAEC26518679AFA00BEC3A3 /* libxml2.2.dylib */,
				5CAEC26118679AF000BEC3A3 /* CoreImage.framework */,
				5CAEC26218679AF000BEC3A3 /* ImageIO.framework */,
				5CAEC25F18679AE800BEC3A3 /* UIKit.framework */,
				5CAEC25D18679A8900BEC3A3 /* OpenGLES.framework */,
				5CC2F77718678AAD0031E08D /* Foundation.framework */,
				5CC2F78518678AAD0031E08D /* XCTest.framework */,
				5CC2F78818678AAD0031E08D /* UIKit.framework */,
			);
			name = Frameworks;
			sourceTree = "<group>";
		};
		5CD2175219E985D80049D6AE /* cuda */ = {
			isa = PBXGroup;
			children = (
				5CD2175319E985D80049D6AE /* cuda_compute.cpp */,
				5CD2175419E985D80049D6AE /* cuda_compute.hpp */,
			);
			path = cuda;
			sourceTree = "<group>";
		};
		5CD2175519E985D80049D6AE /* opencl */ = {
			isa = PBXGroup;
			children = (
				5CD2175619E985D80049D6AE /* opencl_compute.cpp */,
				5CD2175719E985D80049D6AE /* opencl_compute.hpp */,
				5CD2176319EAA8800049D6AE /* opencl_device.cpp */,
				5CD2176419EAA8800049D6AE /* opencl_device.hpp */,
			);
			path = opencl;
			sourceTree = "<group>";
		};
/* End PBXGroup section */

/* Begin PBXHeadersBuildPhase section */
		5C10915C17D114BC007F536E /* Headers */ = {
			isa = PBXHeadersBuildPhase;
			buildActionMask = 2147483647;
			files = (
				5C7F30C217F5EB930071C3D1 /* http_scheduler.hpp in Headers */,
				5C1091CC17D1153E007F536E /* net.hpp in Headers */,
				5CE0BDDC19BB2A75000B28B3 /* matrix4.hpp in Headers */,
				5C1091AD17D1153E007F536E /* file_io.hpp in Headers */,
				5C4A85BE18F95EE40039BFD4 /* parser.hpp in Headers */,
				5C366DDC19A64FF2006D1D09 /* const_math.hpp in Headers */,
				5C4A85B918F955B30039BFD4 /* ast_base.hpp in Headers */,
				5C7173CC18D8AE0700DDF097 /* audio_source.hpp in Headers */,
				5CE0BDE019BB2A75000B28B3 /* ray.hpp in Headers */,
				5C5DA0C119CD39B7009CBCA2 /* soft_i128.hpp in Headers */,
				5C366DDD19A64FF2006D1D09 /* const_string.hpp in Headers */,
				5C1091AA17D1153E007F536E /* event.hpp in Headers */,
				5C10920817D1FA12007F536E /* floor_version.hpp in Headers */,
				5C1091B817D1153E007F536E /* util.hpp in Headers */,
				5C7173B118D717EB00DDF097 /* audio_headers.hpp in Headers */,
				5C0686B919C9285200CF63C8 /* essentials.hpp in Headers */,
				5C10920617D1F81B007F536E /* gl_support.hpp in Headers */,
				5C1091D017D1153E007F536E /* task.hpp in Headers */,
				5C4A85B118F953590039BFD4 /* lexer.hpp in Headers */,
				5CD2175D19E985D80049D6AE /* opencl_compute.hpp in Headers */,
				5C1091B017D1153E007F536E /* logger.hpp in Headers */,
				5C1091AB17D1153E007F536E /* event_objects.hpp in Headers */,
				5C1091A017D1153E007F536E /* cl.hpp in Headers */,
				5CD2176719EAA8800049D6AE /* opencl_device.hpp in Headers */,
				5C78010219D5BC4000853135 /* llvm_compute.hpp in Headers */,
				5C1091A717D1153E007F536E /* core.hpp in Headers */,
				5C1091C917D1153E007F536E /* local_free_on_destruction.hpp in Headers */,
				5C1091B617D1153E007F536E /* unicode.hpp in Headers */,
				5C1091C017D1153E007F536E /* xml.hpp in Headers */,
				5C1091CD17D1153E007F536E /* net_protocol.hpp in Headers */,
				5C4A85B418F953590039BFD4 /* source_types.hpp in Headers */,
				5CD2174119E9213B0049D6AE /* compute_base.hpp in Headers */,
				5C7173C518D7288900DDF097 /* audio_controller.hpp in Headers */,
				5C4A85AE18F953590039BFD4 /* lang_context.hpp in Headers */,
				5C1091C717D1153E007F536E /* city.hpp in Headers */,
				5C1091D217D1153E007F536E /* thread_base.hpp in Headers */,
				5C1091CA17D1153E007F536E /* http_net.hpp in Headers */,
				5C0686BB19C92E1400CF63C8 /* floor_conf.hpp in Headers */,
				5CEB9F6F1A4BF91B00EC3543 /* compute_queue.hpp in Headers */,
				5CE0BDD919BB2A75000B28B3 /* bbox.hpp in Headers */,
				5C1091CB17D1153E007F536E /* irc_net.hpp in Headers */,
				5C4A85A518F9527E0039BFD4 /* grammar.hpp in Headers */,
				5CEB9F6C1A4BF91B00EC3543 /* compute_kernel.hpp in Headers */,
				5CD2176019EA9D620049D6AE /* compute_device.hpp in Headers */,
				5C1091B417D1153E007F536E /* timer.hpp in Headers */,
				5CD2175A19E985D80049D6AE /* cuda_compute.hpp in Headers */,
				5C1091CE17D1153E007F536E /* net_tcp.hpp in Headers */,
				5C1091B317D1153E007F536E /* platform.hpp in Headers */,
				5C7173B418D717EB00DDF097 /* audio_store.hpp in Headers */,
				5CEB9F691A4BF91B00EC3543 /* compute_buffer.hpp in Headers */,
				5C366DDF19A65E11006D1D09 /* const_helpers.hpp in Headers */,
				5C1091EE17D1484C007F536E /* osx_helper.hpp in Headers */,
				5CE0BDDF19BB2A75000B28B3 /* quaternion.hpp in Headers */,
				5C1091A817D1153E007F536E /* cpp_headers.hpp in Headers */,
				5C1091A217D1153E007F536E /* opencl.hpp in Headers */,
			);
			runOnlyForDeploymentPostprocessing = 0;
		};
/* End PBXHeadersBuildPhase section */

/* Begin PBXNativeTarget section */
		5C10915D17D114BC007F536E /* floor */ = {
			isa = PBXNativeTarget;
			buildConfigurationList = 5C10916217D114BC007F536E /* Build configuration list for PBXNativeTarget "floor" */;
			buildPhases = (
				5C10920917D1FB91007F536E /* ShellScript */,
				5C10915A17D114BC007F536E /* Sources */,
				5C10915B17D114BC007F536E /* Frameworks */,
				5C10915C17D114BC007F536E /* Headers */,
			);
			buildRules = (
			);
			dependencies = (
			);
			name = floor;
			productName = floor;
			productReference = 5C10915E17D114BC007F536E /* libfloord.dylib */;
			productType = "com.apple.product-type.library.dynamic";
		};
		5CC2F77418678AAC0031E08D /* floor_ios */ = {
			isa = PBXNativeTarget;
			buildConfigurationList = 5CC2F79918678AAD0031E08D /* Build configuration list for PBXNativeTarget "floor_ios" */;
			buildPhases = (
				5C47A5D4186B435000BE743A /* ShellScript */,
				5CC2F77118678AAC0031E08D /* Sources */,
				5CC2F77218678AAC0031E08D /* Frameworks */,
			);
			buildRules = (
			);
			dependencies = (
			);
			name = floor_ios;
			productName = floor_ios;
			productReference = 5CC2F77518678AAC0031E08D /* libfloord.a */;
			productType = "com.apple.product-type.library.static";
		};
/* End PBXNativeTarget section */

/* Begin PBXProject section */
		5C10915617D114BC007F536E /* Project object */ = {
			isa = PBXProject;
			attributes = {
				LastUpgradeCheck = 0610;
				ORGANIZATIONNAME = "Florian Ziesche";
			};
			buildConfigurationList = 5C10915917D114BC007F536E /* Build configuration list for PBXProject "floor" */;
			compatibilityVersion = "Xcode 3.2";
			developmentRegion = English;
			hasScannedForEncodings = 0;
			knownRegions = (
				en,
			);
			mainGroup = 5C10915517D114BC007F536E;
			productRefGroup = 5C10915F17D114BC007F536E /* Products */;
			projectDirPath = "";
			projectRoot = "";
			targets = (
				5C10915D17D114BC007F536E /* floor */,
				5CC2F77418678AAC0031E08D /* floor_ios */,
			);
		};
/* End PBXProject section */

/* Begin PBXShellScriptBuildPhase section */
		5C10920917D1FB91007F536E /* ShellScript */ = {
			isa = PBXShellScriptBuildPhase;
			buildActionMask = 2147483647;
			files = (
			);
			inputPaths = (
			);
			outputPaths = (
			);
			runOnlyForDeploymentPostprocessing = 0;
			shellPath = /bin/sh;
			shellScript = ./floor/build_version.sh;
		};
		5C47A5D4186B435000BE743A /* ShellScript */ = {
			isa = PBXShellScriptBuildPhase;
			buildActionMask = 2147483647;
			files = (
			);
			inputPaths = (
			);
			outputPaths = (
			);
			runOnlyForDeploymentPostprocessing = 0;
			shellPath = /bin/sh;
			shellScript = ./floor/build_version.sh;
		};
/* End PBXShellScriptBuildPhase section */

/* Begin PBXSourcesBuildPhase section */
		5C10915A17D114BC007F536E /* Sources */ = {
			isa = PBXSourcesBuildPhase;
			buildActionMask = 2147483647;
			files = (
				5CD2175B19E985D80049D6AE /* opencl_compute.cpp in Sources */,
				5C1091A617D1153E007F536E /* core.cpp in Sources */,
				5CD2175819E985D80049D6AE /* cuda_compute.cpp in Sources */,
				5CE0BDDA19BB2A75000B28B3 /* matrix4.cpp in Sources */,
				5C7173CD18D8AE0700DDF097 /* audio_source.cpp in Sources */,
				5C4A85A318F9527E0039BFD4 /* grammar.cpp in Sources */,
				5CD2176519EAA8800049D6AE /* opencl_device.cpp in Sources */,
				5C4A85AC18F953590039BFD4 /* lang_context.cpp in Sources */,
				5C4A85BC18F95EE40039BFD4 /* parser.cpp in Sources */,
				5C1091CF17D1153E007F536E /* task.cpp in Sources */,
				5C7173AF18D717EB00DDF097 /* audio_headers.cpp in Sources */,
				5C1091C117D1153E007F536E /* cudacl.cpp in Sources */,
				5C1091B517D1153E007F536E /* unicode.cpp in Sources */,
				5CEB9F6D1A4BF91B00EC3543 /* compute_queue.cpp in Sources */,
				5C4A85B218F953590039BFD4 /* source_types.cpp in Sources */,
				5C1091A917D1153E007F536E /* event.cpp in Sources */,
				5CE0BDDD19BB2A75000B28B3 /* quaternion.cpp in Sources */,
				5C1091EF17D1484C007F536E /* osx_helper.mm in Sources */,
				5C1091AF17D1153E007F536E /* logger.cpp in Sources */,
				5CE0BDCC19BA432C000B28B3 /* vector_lib.cpp in Sources */,
				5C10920317D1F80E007F536E /* gl_support.cpp in Sources */,
				5C1091C817D1153E007F536E /* error_code.cpp in Sources */,
				5CD2174219E9213B0049D6AE /* compute_base.cpp in Sources */,
				5C78010019D5BC4000853135 /* llvm_compute.cpp in Sources */,
				5C10920017D14C95007F536E /* floor.cpp in Sources */,
				5C1091A117D1153E007F536E /* opencl.cpp in Sources */,
				5C7173C318D7288900DDF097 /* audio_controller.cpp in Sources */,
				5C7173B218D717EB00DDF097 /* audio_store.cpp in Sources */,
				5CD2176119EA9D620049D6AE /* compute_device.cpp in Sources */,
				5C1091D117D1153E007F536E /* thread_base.cpp in Sources */,
				5CEB9F671A4BF91B00EC3543 /* compute_buffer.cpp in Sources */,
				5C1091AC17D1153E007F536E /* file_io.cpp in Sources */,
				5C1091D517D117B8007F536E /* city.cpp in Sources */,
				5CEB9F6A1A4BF91B00EC3543 /* compute_kernel.cpp in Sources */,
				5C4A85B718F955B30039BFD4 /* ast_base.cpp in Sources */,
				5C4A85AF18F953590039BFD4 /* lexer.cpp in Sources */,
				5C1091BF17D1153E007F536E /* xml.cpp in Sources */,
				5C7F30BF17F5EB6F0071C3D1 /* http_scheduler.cpp in Sources */,
				5CE0BDCF19BA46E3000B28B3 /* vector.cpp in Sources */,
				5C1091B717D1153E007F536E /* util.cpp in Sources */,
				5CE0BDC919BA3469000B28B3 /* const_math.cpp in Sources */,
			);
			runOnlyForDeploymentPostprocessing = 0;
		};
		5CC2F77118678AAC0031E08D /* Sources */ = {
			isa = PBXSourcesBuildPhase;
			buildActionMask = 2147483647;
			files = (
				5CE0BDD019BA46E3000B28B3 /* vector.cpp in Sources */,
				5C4A85B818F955B30039BFD4 /* ast_base.cpp in Sources */,
				5CAEC242186799BE00BEC3A3 /* opencl.cpp in Sources */,
				5CEB9F6E1A4BF91B00EC3543 /* compute_queue.cpp in Sources */,
				5C4A85AD18F953590039BFD4 /* lang_context.cpp in Sources */,
				5CD2174319E9213B0049D6AE /* compute_base.cpp in Sources */,
				5C7173B018D717EB00DDF097 /* audio_headers.cpp in Sources */,
				5C4A85BD18F95EE40039BFD4 /* parser.cpp in Sources */,
				5CAEC243186799BE00BEC3A3 /* core.cpp in Sources */,
				5CE0BDDB19BB2A75000B28B3 /* matrix4.cpp in Sources */,
				5CE0BDCA19BA3469000B28B3 /* const_math.cpp in Sources */,
				5CAEC244186799BE00BEC3A3 /* event.cpp in Sources */,
				5C4A85A418F9527E0039BFD4 /* grammar.cpp in Sources */,
				5CE0BDDE19BB2A75000B28B3 /* quaternion.cpp in Sources */,
				5C4A85B318F953590039BFD4 /* source_types.cpp in Sources */,
				5C7173B318D717EB00DDF097 /* audio_store.cpp in Sources */,
				5C4A85B018F953590039BFD4 /* lexer.cpp in Sources */,
				5CD2175919E985D80049D6AE /* cuda_compute.cpp in Sources */,
				5CAEC245186799BE00BEC3A3 /* file_io.cpp in Sources */,
				5CD2176619EAA8800049D6AE /* opencl_device.cpp in Sources */,
				5CAEC246186799BE00BEC3A3 /* gl_support.cpp in Sources */,
				5CAEC247186799BE00BEC3A3 /* logger.cpp in Sources */,
				5CAEC24A186799BE00BEC3A3 /* unicode.cpp in Sources */,
				5CEB9F6B1A4BF91B00EC3543 /* compute_kernel.cpp in Sources */,
				5CAEC24B186799BE00BEC3A3 /* util.cpp in Sources */,
				5C7173C418D7288900DDF097 /* audio_controller.cpp in Sources */,
				5CAEC24F186799BE00BEC3A3 /* xml.cpp in Sources */,
				5CAEC250186799BE00BEC3A3 /* floor.cpp in Sources */,
				5CAEC251186799BE00BEC3A3 /* city.cpp in Sources */,
				5C7173CE18D8AE0700DDF097 /* audio_source.cpp in Sources */,
				5CD2176219EA9D620049D6AE /* compute_device.cpp in Sources */,
				5CAEC252186799BE00BEC3A3 /* http_scheduler.cpp in Sources */,
				5C78010119D5BC4000853135 /* llvm_compute.cpp in Sources */,
				5CEB9F681A4BF91B00EC3543 /* compute_buffer.cpp in Sources */,
				5CD2175C19E985D80049D6AE /* opencl_compute.cpp in Sources */,
				5CAEC256186799BF00BEC3A3 /* task.cpp in Sources */,
				5CAEC257186799BF00BEC3A3 /* thread_base.cpp in Sources */,
				5CAEC258186799C300BEC3A3 /* error_code.cpp in Sources */,
				5CE0BDCD19BA432C000B28B3 /* vector_lib.cpp in Sources */,
				5CAEC25C18679A0F00BEC3A3 /* ios_helper.mm in Sources */,
			);
			runOnlyForDeploymentPostprocessing = 0;
		};
/* End PBXSourcesBuildPhase section */

/* Begin XCBuildConfiguration section */
		5C10916017D114BC007F536E /* Debug */ = {
			isa = XCBuildConfiguration;
			buildSettings = {
				ALWAYS_SEARCH_USER_PATHS = NO;
				ARCHS = "$(ARCHS_STANDARD_64_BIT)";
				CLANG_ANALYZER_SECURITY_FLOATLOOPCOUNTER = YES;
				CLANG_ANALYZER_SECURITY_INSECUREAPI_RAND = YES;
				CLANG_ANALYZER_SECURITY_INSECUREAPI_STRCPY = YES;
				CLANG_CXX_LANGUAGE_STANDARD = "gnu++14";
				CLANG_CXX_LIBRARY = "libc++";
				CLANG_ENABLE_MODULES = NO;
				CLANG_ENABLE_OBJC_ARC = NO;
				CLANG_WARN_ASSIGN_ENUM = YES;
				CLANG_WARN_BOOL_CONVERSION = YES;
				CLANG_WARN_CONSTANT_CONVERSION = YES;
				CLANG_WARN_DIRECT_OBJC_ISA_USAGE = YES;
				CLANG_WARN_EMPTY_BODY = YES;
				CLANG_WARN_ENUM_CONVERSION = YES;
				CLANG_WARN_IMPLICIT_SIGN_CONVERSION = YES;
				CLANG_WARN_INT_CONVERSION = YES;
				CLANG_WARN_OBJC_ROOT_CLASS = YES_ERROR;
				CLANG_WARN_SUSPICIOUS_IMPLICIT_CONVERSION = YES;
				CLANG_WARN_UNREACHABLE_CODE = YES;
				CLANG_WARN__DUPLICATE_METHOD_MATCH = YES;
				CLANG_X86_VECTOR_INSTRUCTIONS = sse4.1;
				COMBINE_HIDPI_IMAGES = YES;
				CONFIGURATION_BUILD_DIR = bin;
				COPY_PHASE_STRIP = NO;
				CURRENT_PROJECT_VERSION = 0.2.0;
				DEBUG_INFORMATION_FORMAT = dwarf;
				DYLIB_COMPATIBILITY_VERSION = 0.2.0;
				DYLIB_CURRENT_VERSION = 0.2.0;
				ENABLE_STRICT_OBJC_MSGSEND = YES;
				FRAMEWORK_SEARCH_PATHS = /Library/Frameworks;
				GCC_C_LANGUAGE_STANDARD = gnu11;
				GCC_DYNAMIC_NO_PIC = NO;
				GCC_ENABLE_OBJC_EXCEPTIONS = YES;
				GCC_ENABLE_PASCAL_STRINGS = NO;
				GCC_FAST_MATH = YES;
				GCC_INCREASE_PRECOMPILED_HEADER_SHARING = YES;
				GCC_INLINES_ARE_PRIVATE_EXTERN = YES;
				GCC_OPTIMIZATION_LEVEL = 0;
				GCC_PRECOMPILE_PREFIX_HEADER = YES;
				GCC_PREFIX_HEADER = floor_prefix.pch;
				GCC_PREPROCESSOR_DEFINITIONS = (
					DEBUG,
					"FLOOR_DEBUG=1",
					"TCC_LIB_ONLY=1",
				);
				GCC_SYMBOLS_PRIVATE_EXTERN = NO;
				GCC_UNROLL_LOOPS = YES;
				GCC_WARN_64_TO_32_BIT_CONVERSION = YES;
				GCC_WARN_ABOUT_MISSING_FIELD_INITIALIZERS = YES;
				GCC_WARN_ABOUT_MISSING_NEWLINE = YES;
				GCC_WARN_ABOUT_MISSING_PROTOTYPES = YES;
				GCC_WARN_ABOUT_RETURN_TYPE = YES;
				GCC_WARN_FOUR_CHARACTER_CONSTANTS = YES;
				GCC_WARN_HIDDEN_VIRTUAL_FUNCTIONS = YES;
				GCC_WARN_INITIALIZER_NOT_FULLY_BRACKETED = YES;
				GCC_WARN_NON_VIRTUAL_DESTRUCTOR = YES;
				GCC_WARN_SHADOW = YES;
				GCC_WARN_SIGN_COMPARE = YES;
				GCC_WARN_UNDECLARED_SELECTOR = YES;
				GCC_WARN_UNINITIALIZED_AUTOS = YES_AGGRESSIVE;
				GCC_WARN_UNKNOWN_PRAGMAS = YES;
				GCC_WARN_UNUSED_FUNCTION = YES;
				GCC_WARN_UNUSED_LABEL = YES;
				GCC_WARN_UNUSED_PARAMETER = YES;
				GCC_WARN_UNUSED_VARIABLE = YES;
				HEADER_SEARCH_PATHS = ../;
				INSTALL_PATH = "@rpath";
				IPHONEOS_DEPLOYMENT_TARGET = 7.0;
				LD_DYLIB_INSTALL_NAME = "@rpath/$(PRODUCT_NAME).dylib";
				LD_RUNPATH_SEARCH_PATHS = "/usr/local/lib /usr/lib @loader_path/../Resources @loader_path/../Frameworks /Library/Frameworks";
				LLVM_LTO = NO;
				LLVM_VECTORIZE_LOOPS = YES;
				MACOSX_DEPLOYMENT_TARGET = 10.9;
				ONLY_ACTIVE_ARCH = YES;
				OTHER_CFLAGS = (
					"-mllvm",
					"-force-vector-width=4",
					"-mllvm",
					"-force-vector-unroll=4",
					"-fparse-all-comments",
					"-isystem",
					"$(DT_TOOLCHAIN_DIR)/usr/include",
					"-isystem",
					"$(DT_TOOLCHAIN_DIR)/usr/lib/c++/v1",
					"-isystem",
					/usr/include/libxml2,
				);
				OTHER_CPLUSPLUSFLAGS = (
					"$(OTHER_CFLAGS)",
					"-fno-elide-type",
					"-fdiagnostics-show-template-tree",
				);
				OTHER_LDFLAGS = (
					"-framework",
					SDL2,
					"-framework",
					SDL2_image,
					"-weak_framework",
					CUDA,
					"-lcrypto",
					"-lssl",
				);
				PRIVATE_HEADERS_FOLDER_PATH = /usr/local/include;
				PRODUCT_NAME = libfloord;
				SDKROOT = macosx;
				STRINGS_FILE_OUTPUT_ENCODING = "UTF-8";
				STRIP_STYLE = all;
				VALID_ARCHS = x86_64;
				WARNING_CFLAGS = (
					"-Weverything",
					"-Wno-c++98-compat",
					"-Wno-c++98-compat-pedantic",
					"-Wno-c99-extensions",
					"-Wno-header-hygiene",
					"-Wno-gnu",
					"-Wno-documentation",
					"-Wno-system-headers",
					"-Wno-global-constructors",
					"-Wno-padded",
					"-Wno-packed",
					"-Wno-switch-enum",
					"-Wno-exit-time-destructors",
					"-Wno-unknown-warning-option",
					"-Wno-nested-anon-types",
					"-Wno-old-style-cast",
					"-Wno-date-time",
				);
			};
			name = Debug;
		};
		5C10916117D114BC007F536E /* Release */ = {
			isa = XCBuildConfiguration;
			buildSettings = {
				ALWAYS_SEARCH_USER_PATHS = NO;
				ARCHS = "$(ARCHS_STANDARD_64_BIT)";
				CLANG_ANALYZER_SECURITY_FLOATLOOPCOUNTER = YES;
				CLANG_ANALYZER_SECURITY_INSECUREAPI_RAND = YES;
				CLANG_ANALYZER_SECURITY_INSECUREAPI_STRCPY = YES;
				CLANG_CXX_LANGUAGE_STANDARD = "gnu++14";
				CLANG_CXX_LIBRARY = "libc++";
				CLANG_ENABLE_MODULES = NO;
				CLANG_ENABLE_OBJC_ARC = NO;
				CLANG_WARN_ASSIGN_ENUM = YES;
				CLANG_WARN_BOOL_CONVERSION = YES;
				CLANG_WARN_CONSTANT_CONVERSION = YES;
				CLANG_WARN_DIRECT_OBJC_ISA_USAGE = YES;
				CLANG_WARN_EMPTY_BODY = YES;
				CLANG_WARN_ENUM_CONVERSION = YES;
				CLANG_WARN_IMPLICIT_SIGN_CONVERSION = YES;
				CLANG_WARN_INT_CONVERSION = YES;
				CLANG_WARN_OBJC_ROOT_CLASS = YES_ERROR;
				CLANG_WARN_SUSPICIOUS_IMPLICIT_CONVERSION = YES;
				CLANG_WARN_UNREACHABLE_CODE = YES;
				CLANG_WARN__DUPLICATE_METHOD_MATCH = YES;
				CLANG_X86_VECTOR_INSTRUCTIONS = sse4.1;
				COMBINE_HIDPI_IMAGES = YES;
				CONFIGURATION_BUILD_DIR = bin;
				COPY_PHASE_STRIP = YES;
				CURRENT_PROJECT_VERSION = 0.2.0;
				DEBUG_INFORMATION_FORMAT = "dwarf-with-dsym";
				DYLIB_COMPATIBILITY_VERSION = 0.2.0;
				DYLIB_CURRENT_VERSION = 0.2.0;
				ENABLE_NS_ASSERTIONS = NO;
				ENABLE_STRICT_OBJC_MSGSEND = YES;
				FRAMEWORK_SEARCH_PATHS = /Library/Frameworks;
				GCC_C_LANGUAGE_STANDARD = gnu11;
				GCC_ENABLE_OBJC_EXCEPTIONS = YES;
				GCC_ENABLE_PASCAL_STRINGS = NO;
				GCC_FAST_MATH = YES;
				GCC_INCREASE_PRECOMPILED_HEADER_SHARING = YES;
				GCC_INLINES_ARE_PRIVATE_EXTERN = YES;
				GCC_OPTIMIZATION_LEVEL = fast;
				GCC_PRECOMPILE_PREFIX_HEADER = YES;
				GCC_PREFIX_HEADER = floor_prefix.pch;
				GCC_PREPROCESSOR_DEFINITIONS = "TCC_LIB_ONLY=1";
				GCC_SYMBOLS_PRIVATE_EXTERN = NO;
				GCC_UNROLL_LOOPS = YES;
				GCC_WARN_64_TO_32_BIT_CONVERSION = YES;
				GCC_WARN_ABOUT_MISSING_FIELD_INITIALIZERS = YES;
				GCC_WARN_ABOUT_MISSING_NEWLINE = YES;
				GCC_WARN_ABOUT_MISSING_PROTOTYPES = YES;
				GCC_WARN_ABOUT_RETURN_TYPE = YES;
				GCC_WARN_FOUR_CHARACTER_CONSTANTS = YES;
				GCC_WARN_HIDDEN_VIRTUAL_FUNCTIONS = YES;
				GCC_WARN_INITIALIZER_NOT_FULLY_BRACKETED = YES;
				GCC_WARN_NON_VIRTUAL_DESTRUCTOR = YES;
				GCC_WARN_SHADOW = YES;
				GCC_WARN_SIGN_COMPARE = YES;
				GCC_WARN_UNDECLARED_SELECTOR = YES;
				GCC_WARN_UNINITIALIZED_AUTOS = YES_AGGRESSIVE;
				GCC_WARN_UNKNOWN_PRAGMAS = YES;
				GCC_WARN_UNUSED_FUNCTION = YES;
				GCC_WARN_UNUSED_LABEL = YES;
				GCC_WARN_UNUSED_PARAMETER = YES;
				GCC_WARN_UNUSED_VARIABLE = YES;
				HEADER_SEARCH_PATHS = ../;
				INSTALL_PATH = "@rpath";
				IPHONEOS_DEPLOYMENT_TARGET = 7.0;
				LD_DYLIB_INSTALL_NAME = "@rpath/$(PRODUCT_NAME).dylib";
				LD_RUNPATH_SEARCH_PATHS = "/usr/local/lib /usr/lib @loader_path/../Resources @loader_path/../Frameworks /Library/Frameworks";
				LLVM_LTO = NO;
				LLVM_VECTORIZE_LOOPS = YES;
				MACOSX_DEPLOYMENT_TARGET = 10.9;
				OTHER_CFLAGS = (
					"-mllvm",
					"-force-vector-width=4",
					"-mllvm",
					"-force-vector-unroll=4",
					"-fparse-all-comments",
					"-isystem",
					"$(DT_TOOLCHAIN_DIR)/usr/include",
					"-isystem",
					"$(DT_TOOLCHAIN_DIR)/usr/lib/c++/v1",
					"-isystem",
					/usr/include/libxml2,
				);
				OTHER_CPLUSPLUSFLAGS = (
					"$(OTHER_CFLAGS)",
					"-fno-elide-type",
					"-fdiagnostics-show-template-tree",
				);
				OTHER_LDFLAGS = (
					"-framework",
					SDL2,
					"-framework",
					SDL2_image,
					"-weak_framework",
					CUDA,
					"-lcrypto",
					"-lssl",
				);
				PRIVATE_HEADERS_FOLDER_PATH = /usr/local/include;
				PRODUCT_NAME = libfloor;
				SDKROOT = macosx;
				STRINGS_FILE_OUTPUT_ENCODING = "UTF-8";
				STRIP_STYLE = all;
				VALID_ARCHS = x86_64;
				WARNING_CFLAGS = (
					"-Weverything",
					"-Wno-c++98-compat",
					"-Wno-c++98-compat-pedantic",
					"-Wno-c99-extensions",
					"-Wno-header-hygiene",
					"-Wno-gnu",
					"-Wno-documentation",
					"-Wno-system-headers",
					"-Wno-global-constructors",
					"-Wno-padded",
					"-Wno-packed",
					"-Wno-switch-enum",
					"-Wno-exit-time-destructors",
					"-Wno-unknown-warning-option",
					"-Wno-nested-anon-types",
					"-Wno-old-style-cast",
					"-Wno-date-time",
				);
			};
			name = Release;
		};
		5C10916317D114BC007F536E /* Debug */ = {
			isa = XCBuildConfiguration;
			buildSettings = {
				FRAMEWORK_SEARCH_PATHS = (
					"$(inherited)",
					"$(LOCAL_LIBRARY_DIR)/Frameworks",
				);
				GCC_PREPROCESSOR_DEFINITIONS = (
					"$(inherited)",
					PLATFORM_X64,
				);
				LIBRARY_SEARCH_PATHS = (
					/usr/X11/lib,
					/usr/local/opt/openssl/lib,
				);
				OTHER_CFLAGS = (
					"$(inherited)",
					"-isystem",
					/opt/X11/include,
					"-isystem",
					/usr/local/include,
					"-isystem",
					/usr/local/opt/openssl/include,
					"-iframework",
					/Library/Frameworks,
				);
				OTHER_CPLUSPLUSFLAGS = "$(inherited)";
			};
			name = Debug;
		};
		5C10916417D114BC007F536E /* Release */ = {
			isa = XCBuildConfiguration;
			buildSettings = {
				FRAMEWORK_SEARCH_PATHS = (
					"$(inherited)",
					"$(LOCAL_LIBRARY_DIR)/Frameworks",
				);
				GCC_PREPROCESSOR_DEFINITIONS = (
					"$(inherited)",
					PLATFORM_X64,
				);
				LIBRARY_SEARCH_PATHS = (
					/usr/X11/lib,
					/usr/local/opt/openssl/lib,
				);
				OTHER_CFLAGS = (
					"$(inherited)",
					"-isystem",
					/opt/X11/include,
					"-isystem",
					/usr/local/include,
					"-isystem",
					/usr/local/opt/openssl/include,
					"-iframework",
					/Library/Frameworks,
				);
				OTHER_CPLUSPLUSFLAGS = "$(inherited)";
			};
			name = Release;
		};
		5CC2F79518678AAD0031E08D /* Debug */ = {
			isa = XCBuildConfiguration;
			buildSettings = {
				ARCHS = "$(ARCHS_STANDARD_INCLUDING_64_BIT)";
				CLANG_ENABLE_OBJC_ARC = YES;
				CLANG_X86_VECTOR_INSTRUCTIONS = default;
				DSTROOT = /tmp/floor_ios.dst;
				FRAMEWORK_SEARCH_PATHS = "$(SDKROOT)$(SYSTEM_LIBRARY_DIR)/PrivateFrameworks";
				GCC_PREPROCESSOR_DEFINITIONS = (
					"$(inherited)",
					FLOOR_IOS,
					FLOOR_NO_CUDA_CL,
					FLOOR_NO_OPENAL,
				);
				"GCC_PREPROCESSOR_DEFINITIONS[arch=arm64]" = (
					"$(inherited)",
					PLATFORM_X64,
				);
				"GCC_PREPROCESSOR_DEFINITIONS[arch=armv7]" = (
					"$(inherited)",
					PLATFORM_X32,
				);
				"GCC_PREPROCESSOR_DEFINITIONS[arch=armv7s]" = (
					"$(inherited)",
					PLATFORM_X32,
				);
				"GCC_PREPROCESSOR_DEFINITIONS[sdk=iphonesimulator*]" = (
					"$(inherited)",
					PLATFORM_X64,
					FLOOR_NO_OPENCL,
				);
				INSTALL_PATH = /usr/lib/;
				LD_DYLIB_INSTALL_NAME = "";
				LD_RUNPATH_SEARCH_PATHS = "";
				LIBRARY_SEARCH_PATHS = "";
				ONLY_ACTIVE_ARCH = YES;
				OTHER_CFLAGS = (
					"$(inherited)",
					"-isystem",
					"$(SDKROOT)/usr/include",
				);
				OTHER_CPLUSPLUSFLAGS = "$(inherited)";
				OTHER_LDFLAGS = "";
				PRODUCT_NAME = floord;
				SDKROOT = iphoneos;
				SKIP_INSTALL = YES;
				TARGETED_DEVICE_FAMILY = "1,2";
				VALID_ARCHS = "arm64 armv7 armv7s x86_64 i386";
			};
			name = Debug;
		};
		5CC2F79618678AAD0031E08D /* Release */ = {
			isa = XCBuildConfiguration;
			buildSettings = {
				ARCHS = "$(ARCHS_STANDARD_INCLUDING_64_BIT)";
				CLANG_ENABLE_OBJC_ARC = YES;
				CLANG_X86_VECTOR_INSTRUCTIONS = default;
				DSTROOT = /tmp/floor_ios.dst;
				FRAMEWORK_SEARCH_PATHS = "$(SDKROOT)$(SYSTEM_LIBRARY_DIR)/PrivateFrameworks";
				GCC_PREPROCESSOR_DEFINITIONS = (
					"$(inherited)",
					FLOOR_IOS,
					FLOOR_NO_CUDA_CL,
					FLOOR_NO_OPENAL,
				);
				"GCC_PREPROCESSOR_DEFINITIONS[arch=arm64]" = (
					"$(inherited)",
					PLATFORM_X64,
				);
				"GCC_PREPROCESSOR_DEFINITIONS[arch=armv7]" = (
					"$(inherited)",
					PLATFORM_X32,
				);
				"GCC_PREPROCESSOR_DEFINITIONS[arch=armv7s]" = (
					"$(inherited)",
					PLATFORM_X32,
				);
				INSTALL_PATH = /usr/lib/;
				LD_DYLIB_INSTALL_NAME = "";
				LD_RUNPATH_SEARCH_PATHS = "";
				LIBRARY_SEARCH_PATHS = "";
				ONLY_ACTIVE_ARCH = NO;
				OTHER_CFLAGS = (
					"$(inherited)",
					"-isystem",
					"$(SDKROOT)/usr/include",
				);
				OTHER_CPLUSPLUSFLAGS = "$(inherited)";
				OTHER_LDFLAGS = "";
				PRODUCT_NAME = floor;
				SDKROOT = iphoneos;
				SKIP_INSTALL = YES;
				TARGETED_DEVICE_FAMILY = "1,2";
				VALID_ARCHS = "arm64 armv7 armv7s x86_64 i386";
			};
			name = Release;
		};
/* End XCBuildConfiguration section */

/* Begin XCConfigurationList section */
		5C10915917D114BC007F536E /* Build configuration list for PBXProject "floor" */ = {
			isa = XCConfigurationList;
			buildConfigurations = (
				5C10916017D114BC007F536E /* Debug */,
				5C10916117D114BC007F536E /* Release */,
			);
			defaultConfigurationIsVisible = 0;
			defaultConfigurationName = Release;
		};
		5C10916217D114BC007F536E /* Build configuration list for PBXNativeTarget "floor" */ = {
			isa = XCConfigurationList;
			buildConfigurations = (
				5C10916317D114BC007F536E /* Debug */,
				5C10916417D114BC007F536E /* Release */,
			);
			defaultConfigurationIsVisible = 0;
			defaultConfigurationName = Release;
		};
		5CC2F79918678AAD0031E08D /* Build configuration list for PBXNativeTarget "floor_ios" */ = {
			isa = XCConfigurationList;
			buildConfigurations = (
				5CC2F79518678AAD0031E08D /* Debug */,
				5CC2F79618678AAD0031E08D /* Release */,
			);
			defaultConfigurationIsVisible = 0;
			defaultConfigurationName = Release;
		};
/* End XCConfigurationList section */
	};
	rootObject = 5C10915617D114BC007F536E /* Project object */;
}
