// !$*UTF8*$!
{
	archiveVersion = 1;
	classes = {
	};
	objectVersion = 46;
	objects = {

/* Begin PBXBuildFile section */
		5C1091A017D1153E007F536E /* cl.hpp in Headers */ = {isa = PBXBuildFile; fileRef = 5C10916617D1153E007F536E /* cl.hpp */; };
		5C1091A117D1153E007F536E /* opencl.cpp in Sources */ = {isa = PBXBuildFile; fileRef = 5C10916717D1153E007F536E /* opencl.cpp */; };
		5C1091A217D1153E007F536E /* opencl.hpp in Headers */ = {isa = PBXBuildFile; fileRef = 5C10916817D1153E007F536E /* opencl.hpp */; };
		5C1091A317D1153E007F536E /* basic_math.hpp in Headers */ = {isa = PBXBuildFile; fileRef = 5C10916A17D1153E007F536E /* basic_math.hpp */; };
		5C1091A417D1153E007F536E /* bbox.hpp in Headers */ = {isa = PBXBuildFile; fileRef = 5C10916B17D1153E007F536E /* bbox.hpp */; };
		5C1091A517D1153E007F536E /* const_string.hpp in Headers */ = {isa = PBXBuildFile; fileRef = 5C10916C17D1153E007F536E /* const_string.hpp */; };
		5C1091A617D1153E007F536E /* core.cpp in Sources */ = {isa = PBXBuildFile; fileRef = 5C10916D17D1153E007F536E /* core.cpp */; };
		5C1091A717D1153E007F536E /* core.hpp in Headers */ = {isa = PBXBuildFile; fileRef = 5C10916E17D1153E007F536E /* core.hpp */; };
		5C1091A817D1153E007F536E /* cpp_headers.hpp in Headers */ = {isa = PBXBuildFile; fileRef = 5C10916F17D1153E007F536E /* cpp_headers.hpp */; };
		5C1091A917D1153E007F536E /* event.cpp in Sources */ = {isa = PBXBuildFile; fileRef = 5C10917017D1153E007F536E /* event.cpp */; };
		5C1091AA17D1153E007F536E /* event.hpp in Headers */ = {isa = PBXBuildFile; fileRef = 5C10917117D1153E007F536E /* event.hpp */; };
		5C1091AB17D1153E007F536E /* event_objects.hpp in Headers */ = {isa = PBXBuildFile; fileRef = 5C10917217D1153E007F536E /* event_objects.hpp */; };
		5C1091AC17D1153E007F536E /* file_io.cpp in Sources */ = {isa = PBXBuildFile; fileRef = 5C10917317D1153E007F536E /* file_io.cpp */; };
		5C1091AD17D1153E007F536E /* file_io.hpp in Headers */ = {isa = PBXBuildFile; fileRef = 5C10917417D1153E007F536E /* file_io.hpp */; };
		5C1091AE17D1153E007F536E /* functor.hpp in Headers */ = {isa = PBXBuildFile; fileRef = 5C10917517D1153E007F536E /* functor.hpp */; };
		5C1091AF17D1153E007F536E /* logger.cpp in Sources */ = {isa = PBXBuildFile; fileRef = 5C10917617D1153E007F536E /* logger.cpp */; };
		5C1091B017D1153E007F536E /* logger.hpp in Headers */ = {isa = PBXBuildFile; fileRef = 5C10917717D1153E007F536E /* logger.hpp */; };
		5C1091B117D1153E007F536E /* matrix4.cpp in Sources */ = {isa = PBXBuildFile; fileRef = 5C10917817D1153E007F536E /* matrix4.cpp */; };
		5C1091B217D1153E007F536E /* matrix4.hpp in Headers */ = {isa = PBXBuildFile; fileRef = 5C10917917D1153E007F536E /* matrix4.hpp */; };
		5C1091B317D1153E007F536E /* platform.hpp in Headers */ = {isa = PBXBuildFile; fileRef = 5C10917A17D1153E007F536E /* platform.hpp */; };
		5C1091B417D1153E007F536E /* timer.hpp in Headers */ = {isa = PBXBuildFile; fileRef = 5C10917B17D1153E007F536E /* timer.hpp */; };
		5C1091B517D1153E007F536E /* unicode.cpp in Sources */ = {isa = PBXBuildFile; fileRef = 5C10917C17D1153E007F536E /* unicode.cpp */; };
		5C1091B617D1153E007F536E /* unicode.hpp in Headers */ = {isa = PBXBuildFile; fileRef = 5C10917D17D1153E007F536E /* unicode.hpp */; };
		5C1091B717D1153E007F536E /* util.cpp in Sources */ = {isa = PBXBuildFile; fileRef = 5C10917E17D1153E007F536E /* util.cpp */; };
		5C1091B817D1153E007F536E /* util.hpp in Headers */ = {isa = PBXBuildFile; fileRef = 5C10917F17D1153E007F536E /* util.hpp */; };
		5C1091B917D1153E007F536E /* vector2.cpp in Sources */ = {isa = PBXBuildFile; fileRef = 5C10918017D1153E007F536E /* vector2.cpp */; };
		5C1091BA17D1153E007F536E /* vector2.hpp in Headers */ = {isa = PBXBuildFile; fileRef = 5C10918117D1153E007F536E /* vector2.hpp */; };
		5C1091BB17D1153E007F536E /* vector3.cpp in Sources */ = {isa = PBXBuildFile; fileRef = 5C10918217D1153E007F536E /* vector3.cpp */; };
		5C1091BC17D1153E007F536E /* vector3.hpp in Headers */ = {isa = PBXBuildFile; fileRef = 5C10918317D1153E007F536E /* vector3.hpp */; };
		5C1091BD17D1153E007F536E /* vector4.cpp in Sources */ = {isa = PBXBuildFile; fileRef = 5C10918417D1153E007F536E /* vector4.cpp */; };
		5C1091BE17D1153E007F536E /* vector4.hpp in Headers */ = {isa = PBXBuildFile; fileRef = 5C10918517D1153E007F536E /* vector4.hpp */; };
		5C1091BF17D1153E007F536E /* xml.cpp in Sources */ = {isa = PBXBuildFile; fileRef = 5C10918617D1153E007F536E /* xml.cpp */; };
		5C1091C017D1153E007F536E /* xml.hpp in Headers */ = {isa = PBXBuildFile; fileRef = 5C10918717D1153E007F536E /* xml.hpp */; };
		5C1091C117D1153E007F536E /* cudacl.cpp in Sources */ = {isa = PBXBuildFile; fileRef = 5C10918917D1153E007F536E /* cudacl.cpp */; };
		5C1091C217D1153E007F536E /* cudacl_compiler.cpp in Sources */ = {isa = PBXBuildFile; fileRef = 5C10918A17D1153E007F536E /* cudacl_compiler.cpp */; };
		5C1091C317D1153E007F536E /* cudacl_compiler.hpp in Headers */ = {isa = PBXBuildFile; fileRef = 5C10918B17D1153E007F536E /* cudacl_compiler.hpp */; };
		5C1091C417D1153E007F536E /* cudacl_translator.cpp in Sources */ = {isa = PBXBuildFile; fileRef = 5C10918C17D1153E007F536E /* cudacl_translator.cpp */; };
		5C1091C517D1153E007F536E /* cudacl_translator.hpp in Headers */ = {isa = PBXBuildFile; fileRef = 5C10918D17D1153E007F536E /* cudacl_translator.hpp */; };
		5C1091C717D1153E007F536E /* city.hpp in Headers */ = {isa = PBXBuildFile; fileRef = 5C10919017D1153E007F536E /* city.hpp */; };
		5C1091C817D1153E007F536E /* error_code.cpp in Sources */ = {isa = PBXBuildFile; fileRef = 5C10919317D1153E007F536E /* error_code.cpp */; };
		5C1091C917D1153E007F536E /* local_free_on_destruction.hpp in Headers */ = {isa = PBXBuildFile; fileRef = 5C10919517D1153E007F536E /* local_free_on_destruction.hpp */; };
		5C1091CA17D1153E007F536E /* http_net.hpp in Headers */ = {isa = PBXBuildFile; fileRef = 5C10919617D1153E007F536E /* http_net.hpp */; };
		5C1091CB17D1153E007F536E /* irc_net.hpp in Headers */ = {isa = PBXBuildFile; fileRef = 5C10919717D1153E007F536E /* irc_net.hpp */; };
		5C1091CC17D1153E007F536E /* net.hpp in Headers */ = {isa = PBXBuildFile; fileRef = 5C10919817D1153E007F536E /* net.hpp */; };
		5C1091CD17D1153E007F536E /* net_protocol.hpp in Headers */ = {isa = PBXBuildFile; fileRef = 5C10919917D1153E007F536E /* net_protocol.hpp */; };
		5C1091CE17D1153E007F536E /* net_tcp.hpp in Headers */ = {isa = PBXBuildFile; fileRef = 5C10919A17D1153E007F536E /* net_tcp.hpp */; };
		5C1091CF17D1153E007F536E /* task.cpp in Sources */ = {isa = PBXBuildFile; fileRef = 5C10919C17D1153E007F536E /* task.cpp */; };
		5C1091D017D1153E007F536E /* task.hpp in Headers */ = {isa = PBXBuildFile; fileRef = 5C10919D17D1153E007F536E /* task.hpp */; };
		5C1091D117D1153E007F536E /* thread_base.cpp in Sources */ = {isa = PBXBuildFile; fileRef = 5C10919E17D1153E007F536E /* thread_base.cpp */; };
		5C1091D217D1153E007F536E /* thread_base.hpp in Headers */ = {isa = PBXBuildFile; fileRef = 5C10919F17D1153E007F536E /* thread_base.hpp */; };
		5C1091D517D117B8007F536E /* city.cpp in Sources */ = {isa = PBXBuildFile; fileRef = 5C1091D417D117B8007F536E /* city.cpp */; };
		5C1091DE17D1427F007F536E /* libtcc.c in Sources */ = {isa = PBXBuildFile; fileRef = 5C1091D917D1427F007F536E /* libtcc.c */; };
		5C1091DF17D1427F007F536E /* libtcc.h in Headers */ = {isa = PBXBuildFile; fileRef = 5C1091DA17D1427F007F536E /* libtcc.h */; };
		5C1091E017D1427F007F536E /* tcc.h in Headers */ = {isa = PBXBuildFile; fileRef = 5C1091DB17D1427F007F536E /* tcc.h */; };
		5C1091E117D1427F007F536E /* tccgen.c in Sources */ = {isa = PBXBuildFile; fileRef = 5C1091DC17D1427F007F536E /* tccgen.c */; };
		5C1091E217D1427F007F536E /* tccpp.c in Sources */ = {isa = PBXBuildFile; fileRef = 5C1091DD17D1427F007F536E /* tccpp.c */; };
		5C1091ED17D1484C007F536E /* floor_Prefix.pch in Headers */ = {isa = PBXBuildFile; fileRef = 5C1091EA17D1484C007F536E /* floor_Prefix.pch */; };
		5C1091EE17D1484C007F536E /* osx_helper.hpp in Headers */ = {isa = PBXBuildFile; fileRef = 5C1091EB17D1484C007F536E /* osx_helper.hpp */; };
		5C1091EF17D1484C007F536E /* osx_helper.mm in Sources */ = {isa = PBXBuildFile; fileRef = 5C1091EC17D1484C007F536E /* osx_helper.mm */; };
		5C1091F117D148AD007F536E /* SDL2.framework in Frameworks */ = {isa = PBXBuildFile; fileRef = 5C1091F017D148AD007F536E /* SDL2.framework */; };
		5C1091F417D148B8007F536E /* OpenCL.framework in Frameworks */ = {isa = PBXBuildFile; fileRef = 5C1091F217D148B8007F536E /* OpenCL.framework */; };
		5C1091F517D148B8007F536E /* OpenGL.framework in Frameworks */ = {isa = PBXBuildFile; fileRef = 5C1091F317D148B8007F536E /* OpenGL.framework */; };
		5C1091F717D148C5007F536E /* Cocoa.framework in Frameworks */ = {isa = PBXBuildFile; fileRef = 5C1091F617D148C5007F536E /* Cocoa.framework */; };
		5C1091F917D148CB007F536E /* AppKit.framework in Frameworks */ = {isa = PBXBuildFile; fileRef = 5C1091F817D148CB007F536E /* AppKit.framework */; };
		5C1091FB17D148D0007F536E /* ApplicationServices.framework in Frameworks */ = {isa = PBXBuildFile; fileRef = 5C1091FA17D148D0007F536E /* ApplicationServices.framework */; };
		5C1091FD17D148DB007F536E /* libxml2.dylib in Frameworks */ = {isa = PBXBuildFile; fileRef = 5C1091FC17D148DB007F536E /* libxml2.dylib */; };
		5C10920017D14C95007F536E /* floor.cpp in Sources */ = {isa = PBXBuildFile; fileRef = 5C1091FF17D14C95007F536E /* floor.cpp */; };
		5C10920317D1F80E007F536E /* gl_support.cpp in Sources */ = {isa = PBXBuildFile; fileRef = 5C10920117D1F80E007F536E /* gl_support.cpp */; };
		5C10920617D1F81B007F536E /* gl_support.hpp in Headers */ = {isa = PBXBuildFile; fileRef = 5C10920517D1F81B007F536E /* gl_support.hpp */; };
		5C10920817D1FA12007F536E /* floor_version.hpp in Headers */ = {isa = PBXBuildFile; fileRef = 5C10920717D1FA12007F536E /* floor_version.hpp */; };
		5C7B324917E7224000153798 /* quaternion.cpp in Sources */ = {isa = PBXBuildFile; fileRef = 5C7B324617E7224000153798 /* quaternion.cpp */; };
		5C7B324E17E7225A00153798 /* quaternion.hpp in Headers */ = {isa = PBXBuildFile; fileRef = 5C7B324C17E7225A00153798 /* quaternion.hpp */; };
		5C7B324F17E7225A00153798 /* ray.hpp in Headers */ = {isa = PBXBuildFile; fileRef = 5C7B324D17E7225A00153798 /* ray.hpp */; };
		5C7F30BF17F5EB6F0071C3D1 /* http_scheduler.cpp in Sources */ = {isa = PBXBuildFile; fileRef = 5C7F30BD17F5EB6F0071C3D1 /* http_scheduler.cpp */; };
		5C7F30C217F5EB930071C3D1 /* http_scheduler.hpp in Headers */ = {isa = PBXBuildFile; fileRef = 5C7F30C117F5EB930071C3D1 /* http_scheduler.hpp */; };
/* End PBXBuildFile section */

/* Begin PBXFileReference section */
		5C10915E17D114BC007F536E /* libfloord.dylib */ = {isa = PBXFileReference; explicitFileType = "compiled.mach-o.dylib"; includeInIndex = 0; path = libfloord.dylib; sourceTree = BUILT_PRODUCTS_DIR; };
		5C10916617D1153E007F536E /* cl.hpp */ = {isa = PBXFileReference; fileEncoding = 4; lastKnownFileType = sourcecode.cpp.h; path = cl.hpp; sourceTree = "<group>"; };
		5C10916717D1153E007F536E /* opencl.cpp */ = {isa = PBXFileReference; fileEncoding = 4; lastKnownFileType = sourcecode.cpp.cpp; path = opencl.cpp; sourceTree = "<group>"; };
		5C10916817D1153E007F536E /* opencl.hpp */ = {isa = PBXFileReference; fileEncoding = 4; lastKnownFileType = sourcecode.cpp.h; path = opencl.hpp; sourceTree = "<group>"; };
		5C10916A17D1153E007F536E /* basic_math.hpp */ = {isa = PBXFileReference; fileEncoding = 4; lastKnownFileType = sourcecode.cpp.h; path = basic_math.hpp; sourceTree = "<group>"; };
		5C10916B17D1153E007F536E /* bbox.hpp */ = {isa = PBXFileReference; fileEncoding = 4; lastKnownFileType = sourcecode.cpp.h; path = bbox.hpp; sourceTree = "<group>"; };
		5C10916C17D1153E007F536E /* const_string.hpp */ = {isa = PBXFileReference; fileEncoding = 4; lastKnownFileType = sourcecode.cpp.h; path = const_string.hpp; sourceTree = "<group>"; };
		5C10916D17D1153E007F536E /* core.cpp */ = {isa = PBXFileReference; fileEncoding = 4; lastKnownFileType = sourcecode.cpp.cpp; path = core.cpp; sourceTree = "<group>"; };
		5C10916E17D1153E007F536E /* core.hpp */ = {isa = PBXFileReference; fileEncoding = 4; lastKnownFileType = sourcecode.cpp.h; path = core.hpp; sourceTree = "<group>"; };
		5C10916F17D1153E007F536E /* cpp_headers.hpp */ = {isa = PBXFileReference; fileEncoding = 4; lastKnownFileType = sourcecode.cpp.h; path = cpp_headers.hpp; sourceTree = "<group>"; };
		5C10917017D1153E007F536E /* event.cpp */ = {isa = PBXFileReference; fileEncoding = 4; lastKnownFileType = sourcecode.cpp.cpp; path = event.cpp; sourceTree = "<group>"; };
		5C10917117D1153E007F536E /* event.hpp */ = {isa = PBXFileReference; fileEncoding = 4; lastKnownFileType = sourcecode.cpp.h; path = event.hpp; sourceTree = "<group>"; };
		5C10917217D1153E007F536E /* event_objects.hpp */ = {isa = PBXFileReference; fileEncoding = 4; lastKnownFileType = sourcecode.cpp.h; path = event_objects.hpp; sourceTree = "<group>"; };
		5C10917317D1153E007F536E /* file_io.cpp */ = {isa = PBXFileReference; fileEncoding = 4; lastKnownFileType = sourcecode.cpp.cpp; path = file_io.cpp; sourceTree = "<group>"; };
		5C10917417D1153E007F536E /* file_io.hpp */ = {isa = PBXFileReference; fileEncoding = 4; lastKnownFileType = sourcecode.cpp.h; path = file_io.hpp; sourceTree = "<group>"; };
		5C10917517D1153E007F536E /* functor.hpp */ = {isa = PBXFileReference; fileEncoding = 4; lastKnownFileType = sourcecode.cpp.h; path = functor.hpp; sourceTree = "<group>"; };
		5C10917617D1153E007F536E /* logger.cpp */ = {isa = PBXFileReference; fileEncoding = 4; lastKnownFileType = sourcecode.cpp.cpp; path = logger.cpp; sourceTree = "<group>"; };
		5C10917717D1153E007F536E /* logger.hpp */ = {isa = PBXFileReference; fileEncoding = 4; lastKnownFileType = sourcecode.cpp.h; path = logger.hpp; sourceTree = "<group>"; };
		5C10917817D1153E007F536E /* matrix4.cpp */ = {isa = PBXFileReference; fileEncoding = 4; lastKnownFileType = sourcecode.cpp.cpp; path = matrix4.cpp; sourceTree = "<group>"; };
		5C10917917D1153E007F536E /* matrix4.hpp */ = {isa = PBXFileReference; fileEncoding = 4; lastKnownFileType = sourcecode.cpp.h; path = matrix4.hpp; sourceTree = "<group>"; };
		5C10917A17D1153E007F536E /* platform.hpp */ = {isa = PBXFileReference; fileEncoding = 4; lastKnownFileType = sourcecode.cpp.h; path = platform.hpp; sourceTree = "<group>"; };
		5C10917B17D1153E007F536E /* timer.hpp */ = {isa = PBXFileReference; fileEncoding = 4; lastKnownFileType = sourcecode.cpp.h; path = timer.hpp; sourceTree = "<group>"; };
		5C10917C17D1153E007F536E /* unicode.cpp */ = {isa = PBXFileReference; fileEncoding = 4; lastKnownFileType = sourcecode.cpp.cpp; path = unicode.cpp; sourceTree = "<group>"; };
		5C10917D17D1153E007F536E /* unicode.hpp */ = {isa = PBXFileReference; fileEncoding = 4; lastKnownFileType = sourcecode.cpp.h; path = unicode.hpp; sourceTree = "<group>"; };
		5C10917E17D1153E007F536E /* util.cpp */ = {isa = PBXFileReference; fileEncoding = 4; lastKnownFileType = sourcecode.cpp.cpp; path = util.cpp; sourceTree = "<group>"; };
		5C10917F17D1153E007F536E /* util.hpp */ = {isa = PBXFileReference; fileEncoding = 4; lastKnownFileType = sourcecode.cpp.h; path = util.hpp; sourceTree = "<group>"; };
		5C10918017D1153E007F536E /* vector2.cpp */ = {isa = PBXFileReference; fileEncoding = 4; lastKnownFileType = sourcecode.cpp.cpp; path = vector2.cpp; sourceTree = "<group>"; };
		5C10918117D1153E007F536E /* vector2.hpp */ = {isa = PBXFileReference; fileEncoding = 4; lastKnownFileType = sourcecode.cpp.h; path = vector2.hpp; sourceTree = "<group>"; };
		5C10918217D1153E007F536E /* vector3.cpp */ = {isa = PBXFileReference; fileEncoding = 4; lastKnownFileType = sourcecode.cpp.cpp; path = vector3.cpp; sourceTree = "<group>"; };
		5C10918317D1153E007F536E /* vector3.hpp */ = {isa = PBXFileReference; fileEncoding = 4; lastKnownFileType = sourcecode.cpp.h; path = vector3.hpp; sourceTree = "<group>"; };
		5C10918417D1153E007F536E /* vector4.cpp */ = {isa = PBXFileReference; fileEncoding = 4; lastKnownFileType = sourcecode.cpp.cpp; path = vector4.cpp; sourceTree = "<group>"; };
		5C10918517D1153E007F536E /* vector4.hpp */ = {isa = PBXFileReference; fileEncoding = 4; lastKnownFileType = sourcecode.cpp.h; path = vector4.hpp; sourceTree = "<group>"; };
		5C10918617D1153E007F536E /* xml.cpp */ = {isa = PBXFileReference; fileEncoding = 4; lastKnownFileType = sourcecode.cpp.cpp; path = xml.cpp; sourceTree = "<group>"; };
		5C10918717D1153E007F536E /* xml.hpp */ = {isa = PBXFileReference; fileEncoding = 4; lastKnownFileType = sourcecode.cpp.h; path = xml.hpp; sourceTree = "<group>"; };
		5C10918917D1153E007F536E /* cudacl.cpp */ = {isa = PBXFileReference; fileEncoding = 4; lastKnownFileType = sourcecode.cpp.cpp; path = cudacl.cpp; sourceTree = "<group>"; };
		5C10918A17D1153E007F536E /* cudacl_compiler.cpp */ = {isa = PBXFileReference; fileEncoding = 4; lastKnownFileType = sourcecode.cpp.cpp; path = cudacl_compiler.cpp; sourceTree = "<group>"; };
		5C10918B17D1153E007F536E /* cudacl_compiler.hpp */ = {isa = PBXFileReference; fileEncoding = 4; lastKnownFileType = sourcecode.cpp.h; path = cudacl_compiler.hpp; sourceTree = "<group>"; };
		5C10918C17D1153E007F536E /* cudacl_translator.cpp */ = {isa = PBXFileReference; fileEncoding = 4; lastKnownFileType = sourcecode.cpp.cpp; path = cudacl_translator.cpp; sourceTree = "<group>"; };
		5C10918D17D1153E007F536E /* cudacl_translator.hpp */ = {isa = PBXFileReference; fileEncoding = 4; lastKnownFileType = sourcecode.cpp.h; path = cudacl_translator.hpp; sourceTree = "<group>"; };
		5C10919017D1153E007F536E /* city.hpp */ = {isa = PBXFileReference; fileEncoding = 4; lastKnownFileType = sourcecode.cpp.h; path = city.hpp; sourceTree = "<group>"; };
		5C10919317D1153E007F536E /* error_code.cpp */ = {isa = PBXFileReference; fileEncoding = 4; lastKnownFileType = sourcecode.cpp.cpp; path = error_code.cpp; sourceTree = "<group>"; };
		5C10919517D1153E007F536E /* local_free_on_destruction.hpp */ = {isa = PBXFileReference; fileEncoding = 4; lastKnownFileType = sourcecode.cpp.h; path = local_free_on_destruction.hpp; sourceTree = "<group>"; };
		5C10919617D1153E007F536E /* http_net.hpp */ = {isa = PBXFileReference; fileEncoding = 4; lastKnownFileType = sourcecode.cpp.h; path = http_net.hpp; sourceTree = "<group>"; };
		5C10919717D1153E007F536E /* irc_net.hpp */ = {isa = PBXFileReference; fileEncoding = 4; lastKnownFileType = sourcecode.cpp.h; path = irc_net.hpp; sourceTree = "<group>"; };
		5C10919817D1153E007F536E /* net.hpp */ = {isa = PBXFileReference; fileEncoding = 4; lastKnownFileType = sourcecode.cpp.h; path = net.hpp; sourceTree = "<group>"; };
		5C10919917D1153E007F536E /* net_protocol.hpp */ = {isa = PBXFileReference; fileEncoding = 4; lastKnownFileType = sourcecode.cpp.h; path = net_protocol.hpp; sourceTree = "<group>"; };
		5C10919A17D1153E007F536E /* net_tcp.hpp */ = {isa = PBXFileReference; fileEncoding = 4; lastKnownFileType = sourcecode.cpp.h; path = net_tcp.hpp; sourceTree = "<group>"; };
		5C10919C17D1153E007F536E /* task.cpp */ = {isa = PBXFileReference; fileEncoding = 4; lastKnownFileType = sourcecode.cpp.cpp; path = task.cpp; sourceTree = "<group>"; };
		5C10919D17D1153E007F536E /* task.hpp */ = {isa = PBXFileReference; fileEncoding = 4; lastKnownFileType = sourcecode.cpp.h; path = task.hpp; sourceTree = "<group>"; };
		5C10919E17D1153E007F536E /* thread_base.cpp */ = {isa = PBXFileReference; fileEncoding = 4; lastKnownFileType = sourcecode.cpp.cpp; path = thread_base.cpp; sourceTree = "<group>"; };
		5C10919F17D1153E007F536E /* thread_base.hpp */ = {isa = PBXFileReference; fileEncoding = 4; lastKnownFileType = sourcecode.cpp.h; path = thread_base.hpp; sourceTree = "<group>"; };
		5C1091D417D117B8007F536E /* city.cpp */ = {isa = PBXFileReference; fileEncoding = 4; lastKnownFileType = sourcecode.cpp.cpp; path = city.cpp; sourceTree = "<group>"; };
		5C1091D717D14095007F536E /* floor.hpp */ = {isa = PBXFileReference; lastKnownFileType = sourcecode.cpp.h; path = floor.hpp; sourceTree = "<group>"; };
		5C1091D917D1427F007F536E /* libtcc.c */ = {isa = PBXFileReference; fileEncoding = 4; lastKnownFileType = sourcecode.c.c; name = libtcc.c; path = tccpp/libtcc.c; sourceTree = "<group>"; };
		5C1091DA17D1427F007F536E /* libtcc.h */ = {isa = PBXFileReference; fileEncoding = 4; lastKnownFileType = sourcecode.c.h; name = libtcc.h; path = tccpp/libtcc.h; sourceTree = "<group>"; };
		5C1091DB17D1427F007F536E /* tcc.h */ = {isa = PBXFileReference; fileEncoding = 4; lastKnownFileType = sourcecode.c.h; name = tcc.h; path = tccpp/tcc.h; sourceTree = "<group>"; };
		5C1091DC17D1427F007F536E /* tccgen.c */ = {isa = PBXFileReference; fileEncoding = 4; lastKnownFileType = sourcecode.c.c; name = tccgen.c; path = tccpp/tccgen.c; sourceTree = "<group>"; };
		5C1091DD17D1427F007F536E /* tccpp.c */ = {isa = PBXFileReference; fileEncoding = 4; lastKnownFileType = sourcecode.c.c; name = tccpp.c; path = tccpp/tccpp.c; sourceTree = "<group>"; };
		5C1091EA17D1484C007F536E /* floor_Prefix.pch */ = {isa = PBXFileReference; fileEncoding = 4; lastKnownFileType = sourcecode.c.h; path = floor_Prefix.pch; sourceTree = "<group>"; };
		5C1091EB17D1484C007F536E /* osx_helper.hpp */ = {isa = PBXFileReference; fileEncoding = 4; lastKnownFileType = sourcecode.cpp.h; path = osx_helper.hpp; sourceTree = "<group>"; };
		5C1091EC17D1484C007F536E /* osx_helper.mm */ = {isa = PBXFileReference; fileEncoding = 4; lastKnownFileType = sourcecode.cpp.objcpp; path = osx_helper.mm; sourceTree = "<group>"; };
		5C1091F017D148AD007F536E /* SDL2.framework */ = {isa = PBXFileReference; lastKnownFileType = wrapper.framework; name = SDL2.framework; path = Library/Frameworks/SDL2.framework; sourceTree = SDKROOT; };
		5C1091F217D148B8007F536E /* OpenCL.framework */ = {isa = PBXFileReference; lastKnownFileType = wrapper.framework; name = OpenCL.framework; path = System/Library/Frameworks/OpenCL.framework; sourceTree = SDKROOT; };
		5C1091F317D148B8007F536E /* OpenGL.framework */ = {isa = PBXFileReference; lastKnownFileType = wrapper.framework; name = OpenGL.framework; path = System/Library/Frameworks/OpenGL.framework; sourceTree = SDKROOT; };
		5C1091F617D148C5007F536E /* Cocoa.framework */ = {isa = PBXFileReference; lastKnownFileType = wrapper.framework; name = Cocoa.framework; path = System/Library/Frameworks/Cocoa.framework; sourceTree = SDKROOT; };
		5C1091F817D148CB007F536E /* AppKit.framework */ = {isa = PBXFileReference; lastKnownFileType = wrapper.framework; name = AppKit.framework; path = System/Library/Frameworks/AppKit.framework; sourceTree = SDKROOT; };
		5C1091FA17D148D0007F536E /* ApplicationServices.framework */ = {isa = PBXFileReference; lastKnownFileType = wrapper.framework; name = ApplicationServices.framework; path = System/Library/Frameworks/ApplicationServices.framework; sourceTree = SDKROOT; };
		5C1091FC17D148DB007F536E /* libxml2.dylib */ = {isa = PBXFileReference; lastKnownFileType = "compiled.mach-o.dylib"; name = libxml2.dylib; path = usr/lib/libxml2.dylib; sourceTree = SDKROOT; };
		5C1091FF17D14C95007F536E /* floor.cpp */ = {isa = PBXFileReference; fileEncoding = 4; lastKnownFileType = sourcecode.cpp.cpp; path = floor.cpp; sourceTree = "<group>"; };
		5C10920117D1F80E007F536E /* gl_support.cpp */ = {isa = PBXFileReference; fileEncoding = 4; lastKnownFileType = sourcecode.cpp.cpp; path = gl_support.cpp; sourceTree = "<group>"; };
		5C10920517D1F81B007F536E /* gl_support.hpp */ = {isa = PBXFileReference; fileEncoding = 4; lastKnownFileType = sourcecode.cpp.h; path = gl_support.hpp; sourceTree = "<group>"; };
		5C10920717D1FA12007F536E /* floor_version.hpp */ = {isa = PBXFileReference; fileEncoding = 4; lastKnownFileType = sourcecode.cpp.h; path = floor_version.hpp; sourceTree = "<group>"; };
		5C7B324617E7224000153798 /* quaternion.cpp */ = {isa = PBXFileReference; fileEncoding = 4; lastKnownFileType = sourcecode.cpp.cpp; path = quaternion.cpp; sourceTree = "<group>"; };
		5C7B324C17E7225A00153798 /* quaternion.hpp */ = {isa = PBXFileReference; fileEncoding = 4; lastKnownFileType = sourcecode.cpp.h; path = quaternion.hpp; sourceTree = "<group>"; };
		5C7B324D17E7225A00153798 /* ray.hpp */ = {isa = PBXFileReference; fileEncoding = 4; lastKnownFileType = sourcecode.cpp.h; path = ray.hpp; sourceTree = "<group>"; };
		5C7F30BD17F5EB6F0071C3D1 /* http_scheduler.cpp */ = {isa = PBXFileReference; fileEncoding = 4; lastKnownFileType = sourcecode.cpp.cpp; path = http_scheduler.cpp; sourceTree = "<group>"; };
		5C7F30C117F5EB930071C3D1 /* http_scheduler.hpp */ = {isa = PBXFileReference; fileEncoding = 4; lastKnownFileType = sourcecode.cpp.h; path = http_scheduler.hpp; sourceTree = "<group>"; };
		5C81C42D17E59A3400FE6791 /* premake.sh */ = {isa = PBXFileReference; lastKnownFileType = text.script.sh; path = premake.sh; sourceTree = "<group>"; };
		5C81C42E17E59A3400FE6791 /* premake4.lua */ = {isa = PBXFileReference; lastKnownFileType = text; path = premake4.lua; sourceTree = "<group>"; xcLanguageSpecificationIdentifier = xcode.lang.python; };
		5C81C42F17E59FE800FE6791 /* install.sh */ = {isa = PBXFileReference; lastKnownFileType = text.script.sh; path = install.sh; sourceTree = "<group>"; };
/* End PBXFileReference section */

/* Begin PBXFrameworksBuildPhase section */
		5C10915B17D114BC007F536E /* Frameworks */ = {
			isa = PBXFrameworksBuildPhase;
			buildActionMask = 2147483647;
			files = (
				5C1091FB17D148D0007F536E /* ApplicationServices.framework in Frameworks */,
				5C1091F917D148CB007F536E /* AppKit.framework in Frameworks */,
				5C1091F717D148C5007F536E /* Cocoa.framework in Frameworks */,
				5C1091F417D148B8007F536E /* OpenCL.framework in Frameworks */,
				5C1091F517D148B8007F536E /* OpenGL.framework in Frameworks */,
				5C1091F117D148AD007F536E /* SDL2.framework in Frameworks */,
				5C1091FD17D148DB007F536E /* libxml2.dylib in Frameworks */,
			);
			runOnlyForDeploymentPostprocessing = 0;
		};
/* End PBXFrameworksBuildPhase section */

/* Begin PBXGroup section */
		5C10915517D114BC007F536E = {
			isa = PBXGroup;
			children = (
				5C81C42C17E59A1A00FE6791 /* build */,
				5C1091D317D11547007F536E /* src */,
				5C1091FE17D148EF007F536E /* libs */,
				5C10915F17D114BC007F536E /* Products */,
			);
			sourceTree = "<group>";
		};
		5C10915F17D114BC007F536E /* Products */ = {
			isa = PBXGroup;
			children = (
				5C10915E17D114BC007F536E /* libfloord.dylib */,
			);
			name = Products;
			sourceTree = "<group>";
		};
		5C10916517D1153E007F536E /* cl */ = {
			isa = PBXGroup;
			children = (
				5C10916617D1153E007F536E /* cl.hpp */,
				5C10916717D1153E007F536E /* opencl.cpp */,
				5C10916817D1153E007F536E /* opencl.hpp */,
			);
			path = cl;
			sourceTree = "<group>";
		};
		5C10916917D1153E007F536E /* core */ = {
			isa = PBXGroup;
			children = (
				5C10916A17D1153E007F536E /* basic_math.hpp */,
				5C10916B17D1153E007F536E /* bbox.hpp */,
				5C10916C17D1153E007F536E /* const_string.hpp */,
				5C10916D17D1153E007F536E /* core.cpp */,
				5C10916E17D1153E007F536E /* core.hpp */,
				5C10916F17D1153E007F536E /* cpp_headers.hpp */,
				5C10917017D1153E007F536E /* event.cpp */,
				5C10917117D1153E007F536E /* event.hpp */,
				5C10917217D1153E007F536E /* event_objects.hpp */,
				5C10917317D1153E007F536E /* file_io.cpp */,
				5C10917417D1153E007F536E /* file_io.hpp */,
				5C10917517D1153E007F536E /* functor.hpp */,
				5C10920117D1F80E007F536E /* gl_support.cpp */,
				5C10920517D1F81B007F536E /* gl_support.hpp */,
				5C10917617D1153E007F536E /* logger.cpp */,
				5C10917717D1153E007F536E /* logger.hpp */,
				5C10917817D1153E007F536E /* matrix4.cpp */,
				5C10917917D1153E007F536E /* matrix4.hpp */,
				5C10917A17D1153E007F536E /* platform.hpp */,
				5C7B324617E7224000153798 /* quaternion.cpp */,
				5C7B324C17E7225A00153798 /* quaternion.hpp */,
				5C7B324D17E7225A00153798 /* ray.hpp */,
				5C10917B17D1153E007F536E /* timer.hpp */,
				5C10917C17D1153E007F536E /* unicode.cpp */,
				5C10917D17D1153E007F536E /* unicode.hpp */,
				5C10917E17D1153E007F536E /* util.cpp */,
				5C10917F17D1153E007F536E /* util.hpp */,
				5C10918017D1153E007F536E /* vector2.cpp */,
				5C10918117D1153E007F536E /* vector2.hpp */,
				5C10918217D1153E007F536E /* vector3.cpp */,
				5C10918317D1153E007F536E /* vector3.hpp */,
				5C10918417D1153E007F536E /* vector4.cpp */,
				5C10918517D1153E007F536E /* vector4.hpp */,
				5C10918617D1153E007F536E /* xml.cpp */,
				5C10918717D1153E007F536E /* xml.hpp */,
			);
			path = core;
			sourceTree = "<group>";
		};
		5C10918817D1153E007F536E /* cuda */ = {
			isa = PBXGroup;
			children = (
				5C10918917D1153E007F536E /* cudacl.cpp */,
				5C10918A17D1153E007F536E /* cudacl_compiler.cpp */,
				5C10918B17D1153E007F536E /* cudacl_compiler.hpp */,
				5C10918C17D1153E007F536E /* cudacl_translator.cpp */,
				5C10918D17D1153E007F536E /* cudacl_translator.hpp */,
			);
			path = cuda;
			sourceTree = "<group>";
		};
		5C10918E17D1153E007F536E /* hash */ = {
			isa = PBXGroup;
			children = (
				5C1091D417D117B8007F536E /* city.cpp */,
				5C10919017D1153E007F536E /* city.hpp */,
			);
			path = hash;
			sourceTree = "<group>";
		};
		5C10919117D1153E007F536E /* net */ = {
			isa = PBXGroup;
			children = (
				5C10919217D1153E007F536E /* boost_system */,
				5C10919617D1153E007F536E /* http_net.hpp */,
				5C10919717D1153E007F536E /* irc_net.hpp */,
				5C10919817D1153E007F536E /* net.hpp */,
				5C10919917D1153E007F536E /* net_protocol.hpp */,
				5C10919A17D1153E007F536E /* net_tcp.hpp */,
				5C7F30BD17F5EB6F0071C3D1 /* http_scheduler.cpp */,
				5C7F30C117F5EB930071C3D1 /* http_scheduler.hpp */,
			);
			path = net;
			sourceTree = "<group>";
		};
		5C10919217D1153E007F536E /* boost_system */ = {
			isa = PBXGroup;
			children = (
				5C10919317D1153E007F536E /* error_code.cpp */,
				5C10919517D1153E007F536E /* local_free_on_destruction.hpp */,
			);
			path = boost_system;
			sourceTree = "<group>";
		};
		5C10919B17D1153E007F536E /* threading */ = {
			isa = PBXGroup;
			children = (
				5C10919C17D1153E007F536E /* task.cpp */,
				5C10919D17D1153E007F536E /* task.hpp */,
				5C10919E17D1153E007F536E /* thread_base.cpp */,
				5C10919F17D1153E007F536E /* thread_base.hpp */,
			);
			path = threading;
			sourceTree = "<group>";
		};
		5C1091D317D11547007F536E /* src */ = {
			isa = PBXGroup;
			children = (
				5C10916517D1153E007F536E /* cl */,
				5C10916917D1153E007F536E /* core */,
				5C10918817D1153E007F536E /* cuda */,
				5C1091D617D14095007F536E /* floor */,
				5C10918E17D1153E007F536E /* hash */,
				5C10919117D1153E007F536E /* net */,
				5C1091E317D1480A007F536E /* osx */,
				5C1091D817D14272007F536E /* tccpp */,
				5C10919B17D1153E007F536E /* threading */,
			);
			name = src;
			sourceTree = "<group>";
		};
		5C1091D617D14095007F536E /* floor */ = {
			isa = PBXGroup;
			children = (
				5C1091FF17D14C95007F536E /* floor.cpp */,
				5C1091D717D14095007F536E /* floor.hpp */,
				5C10920717D1FA12007F536E /* floor_version.hpp */,
			);
			path = floor;
			sourceTree = "<group>";
		};
		5C1091D817D14272007F536E /* tccpp */ = {
			isa = PBXGroup;
			children = (
				5C1091D917D1427F007F536E /* libtcc.c */,
				5C1091DA17D1427F007F536E /* libtcc.h */,
				5C1091DB17D1427F007F536E /* tcc.h */,
				5C1091DC17D1427F007F536E /* tccgen.c */,
				5C1091DD17D1427F007F536E /* tccpp.c */,
			);
			name = tccpp;
			sourceTree = "<group>";
		};
		5C1091E317D1480A007F536E /* osx */ = {
			isa = PBXGroup;
			children = (
				5C1091EA17D1484C007F536E /* floor_Prefix.pch */,
				5C1091EB17D1484C007F536E /* osx_helper.hpp */,
				5C1091EC17D1484C007F536E /* osx_helper.mm */,
			);
			path = osx;
			sourceTree = "<group>";
		};
		5C1091FE17D148EF007F536E /* libs */ = {
			isa = PBXGroup;
			children = (
				5C1091FC17D148DB007F536E /* libxml2.dylib */,
				5C1091FA17D148D0007F536E /* ApplicationServices.framework */,
				5C1091F817D148CB007F536E /* AppKit.framework */,
				5C1091F617D148C5007F536E /* Cocoa.framework */,
				5C1091F217D148B8007F536E /* OpenCL.framework */,
				5C1091F317D148B8007F536E /* OpenGL.framework */,
				5C1091F017D148AD007F536E /* SDL2.framework */,
			);
			name = libs;
			sourceTree = "<group>";
		};
		5C81C42C17E59A1A00FE6791 /* build */ = {
			isa = PBXGroup;
			children = (
				5C81C42D17E59A3400FE6791 /* premake.sh */,
				5C81C42E17E59A3400FE6791 /* premake4.lua */,
				5C81C42F17E59FE800FE6791 /* install.sh */,
			);
			name = build;
			sourceTree = "<group>";
		};
/* End PBXGroup section */

/* Begin PBXHeadersBuildPhase section */
		5C10915C17D114BC007F536E /* Headers */ = {
			isa = PBXHeadersBuildPhase;
			buildActionMask = 2147483647;
			files = (
				5C7F30C217F5EB930071C3D1 /* http_scheduler.hpp in Headers */,
				5C1091CC17D1153E007F536E /* net.hpp in Headers */,
				5C1091AD17D1153E007F536E /* file_io.hpp in Headers */,
				5C1091A317D1153E007F536E /* basic_math.hpp in Headers */,
				5C1091C517D1153E007F536E /* cudacl_translator.hpp in Headers */,
				5C1091ED17D1484C007F536E /* floor_Prefix.pch in Headers */,
				5C1091BC17D1153E007F536E /* vector3.hpp in Headers */,
				5C1091AA17D1153E007F536E /* event.hpp in Headers */,
				5C1091BE17D1153E007F536E /* vector4.hpp in Headers */,
				5C10920817D1FA12007F536E /* floor_version.hpp in Headers */,
				5C1091B817D1153E007F536E /* util.hpp in Headers */,
				5C10920617D1F81B007F536E /* gl_support.hpp in Headers */,
				5C1091A417D1153E007F536E /* bbox.hpp in Headers */,
				5C1091D017D1153E007F536E /* task.hpp in Headers */,
				5C1091B017D1153E007F536E /* logger.hpp in Headers */,
				5C1091AB17D1153E007F536E /* event_objects.hpp in Headers */,
				5C1091A017D1153E007F536E /* cl.hpp in Headers */,
				5C1091A717D1153E007F536E /* core.hpp in Headers */,
				5C1091C917D1153E007F536E /* local_free_on_destruction.hpp in Headers */,
				5C1091B617D1153E007F536E /* unicode.hpp in Headers */,
				5C1091C017D1153E007F536E /* xml.hpp in Headers */,
				5C1091CD17D1153E007F536E /* net_protocol.hpp in Headers */,
				5C1091DF17D1427F007F536E /* libtcc.h in Headers */,
				5C1091C317D1153E007F536E /* cudacl_compiler.hpp in Headers */,
				5C1091C717D1153E007F536E /* city.hpp in Headers */,
				5C1091BA17D1153E007F536E /* vector2.hpp in Headers */,
				5C7B324F17E7225A00153798 /* ray.hpp in Headers */,
				5C1091B217D1153E007F536E /* matrix4.hpp in Headers */,
				5C1091AE17D1153E007F536E /* functor.hpp in Headers */,
				5C7B324E17E7225A00153798 /* quaternion.hpp in Headers */,
				5C1091D217D1153E007F536E /* thread_base.hpp in Headers */,
				5C1091CA17D1153E007F536E /* http_net.hpp in Headers */,
				5C1091A517D1153E007F536E /* const_string.hpp in Headers */,
				5C1091E017D1427F007F536E /* tcc.h in Headers */,
				5C1091CB17D1153E007F536E /* irc_net.hpp in Headers */,
				5C1091B417D1153E007F536E /* timer.hpp in Headers */,
				5C1091CE17D1153E007F536E /* net_tcp.hpp in Headers */,
				5C1091B317D1153E007F536E /* platform.hpp in Headers */,
				5C1091EE17D1484C007F536E /* osx_helper.hpp in Headers */,
				5C1091A817D1153E007F536E /* cpp_headers.hpp in Headers */,
				5C1091A217D1153E007F536E /* opencl.hpp in Headers */,
			);
			runOnlyForDeploymentPostprocessing = 0;
		};
/* End PBXHeadersBuildPhase section */

/* Begin PBXNativeTarget section */
		5C10915D17D114BC007F536E /* floor */ = {
			isa = PBXNativeTarget;
			buildConfigurationList = 5C10916217D114BC007F536E /* Build configuration list for PBXNativeTarget "floor" */;
			buildPhases = (
				5C10920917D1FB91007F536E /* ShellScript */,
				5C10915A17D114BC007F536E /* Sources */,
				5C10915B17D114BC007F536E /* Frameworks */,
				5C10915C17D114BC007F536E /* Headers */,
			);
			buildRules = (
			);
			dependencies = (
			);
			name = floor;
			productName = floor;
			productReference = 5C10915E17D114BC007F536E /* libfloord.dylib */;
			productType = "com.apple.product-type.library.dynamic";
		};
/* End PBXNativeTarget section */

/* Begin PBXProject section */
		5C10915617D114BC007F536E /* Project object */ = {
			isa = PBXProject;
			attributes = {
				LastUpgradeCheck = 0500;
				ORGANIZATIONNAME = "Florian Ziesche";
			};
			buildConfigurationList = 5C10915917D114BC007F536E /* Build configuration list for PBXProject "floor" */;
			compatibilityVersion = "Xcode 3.2";
			developmentRegion = English;
			hasScannedForEncodings = 0;
			knownRegions = (
				en,
			);
			mainGroup = 5C10915517D114BC007F536E;
			productRefGroup = 5C10915F17D114BC007F536E /* Products */;
			projectDirPath = "";
			projectRoot = "";
			targets = (
				5C10915D17D114BC007F536E /* floor */,
			);
		};
/* End PBXProject section */

/* Begin PBXShellScriptBuildPhase section */
		5C10920917D1FB91007F536E /* ShellScript */ = {
			isa = PBXShellScriptBuildPhase;
			buildActionMask = 2147483647;
			files = (
			);
			inputPaths = (
			);
			outputPaths = (
			);
			runOnlyForDeploymentPostprocessing = 0;
			shellPath = /bin/sh;
			shellScript = ./floor/build_version.sh;
		};
/* End PBXShellScriptBuildPhase section */

/* Begin PBXSourcesBuildPhase section */
		5C10915A17D114BC007F536E /* Sources */ = {
			isa = PBXSourcesBuildPhase;
			buildActionMask = 2147483647;
			files = (
				5C1091BB17D1153E007F536E /* vector3.cpp in Sources */,
				5C1091A617D1153E007F536E /* core.cpp in Sources */,
				5C1091CF17D1153E007F536E /* task.cpp in Sources */,
				5C1091C117D1153E007F536E /* cudacl.cpp in Sources */,
				5C1091B517D1153E007F536E /* unicode.cpp in Sources */,
				5C1091B117D1153E007F536E /* matrix4.cpp in Sources */,
				5C1091DE17D1427F007F536E /* libtcc.c in Sources */,
				5C1091A917D1153E007F536E /* event.cpp in Sources */,
				5C1091E117D1427F007F536E /* tccgen.c in Sources */,
				5C1091EF17D1484C007F536E /* osx_helper.mm in Sources */,
				5C1091AF17D1153E007F536E /* logger.cpp in Sources */,
				5C10920317D1F80E007F536E /* gl_support.cpp in Sources */,
				5C1091C817D1153E007F536E /* error_code.cpp in Sources */,
				5C10920017D14C95007F536E /* floor.cpp in Sources */,
				5C1091A117D1153E007F536E /* opencl.cpp in Sources */,
				5C1091C217D1153E007F536E /* cudacl_compiler.cpp in Sources */,
				5C1091D117D1153E007F536E /* thread_base.cpp in Sources */,
				5C7B324917E7224000153798 /* quaternion.cpp in Sources */,
				5C1091AC17D1153E007F536E /* file_io.cpp in Sources */,
				5C1091D517D117B8007F536E /* city.cpp in Sources */,
				5C1091B917D1153E007F536E /* vector2.cpp in Sources */,
				5C1091BF17D1153E007F536E /* xml.cpp in Sources */,
				5C7F30BF17F5EB6F0071C3D1 /* http_scheduler.cpp in Sources */,
				5C1091BD17D1153E007F536E /* vector4.cpp in Sources */,
				5C1091B717D1153E007F536E /* util.cpp in Sources */,
				5C1091E217D1427F007F536E /* tccpp.c in Sources */,
				5C1091C417D1153E007F536E /* cudacl_translator.cpp in Sources */,
			);
			runOnlyForDeploymentPostprocessing = 0;
		};
/* End PBXSourcesBuildPhase section */

/* Begin XCBuildConfiguration section */
		5C10916017D114BC007F536E /* Debug */ = {
			isa = XCBuildConfiguration;
			buildSettings = {
				ALWAYS_SEARCH_USER_PATHS = NO;
				ARCHS = "$(ARCHS_STANDARD_64_BIT)";
				CLANG_ANALYZER_SECURITY_FLOATLOOPCOUNTER = YES;
				CLANG_ANALYZER_SECURITY_INSECUREAPI_RAND = YES;
				CLANG_ANALYZER_SECURITY_INSECUREAPI_STRCPY = YES;
				CLANG_CXX_LANGUAGE_STANDARD = "c++0x";
				CLANG_CXX_LIBRARY = "libc++";
				CLANG_ENABLE_MODULES = YES;
				CLANG_ENABLE_OBJC_ARC = NO;
				CLANG_WARN_BOOL_CONVERSION = YES;
				CLANG_WARN_CONSTANT_CONVERSION = YES;
				CLANG_WARN_DIRECT_OBJC_ISA_USAGE = YES_ERROR;
				CLANG_WARN_EMPTY_BODY = YES;
				CLANG_WARN_ENUM_CONVERSION = YES;
				CLANG_WARN_INT_CONVERSION = YES;
				CLANG_WARN_OBJC_ROOT_CLASS = YES_ERROR;
				CLANG_WARN__DUPLICATE_METHOD_MATCH = YES;
				CLANG_X86_VECTOR_INSTRUCTIONS = sse4.1;
				COMBINE_HIDPI_IMAGES = YES;
				CONFIGURATION_BUILD_DIR = bin;
				COPY_PHASE_STRIP = NO;
				CURRENT_PROJECT_VERSION = 0.1;
				DEBUG_INFORMATION_FORMAT = dwarf;
				DYLIB_COMPATIBILITY_VERSION = 0.1;
				DYLIB_CURRENT_VERSION = 0.1;
				GCC_C_LANGUAGE_STANDARD = c11;
				GCC_DYNAMIC_NO_PIC = NO;
				GCC_ENABLE_OBJC_EXCEPTIONS = YES;
				GCC_INCREASE_PRECOMPILED_HEADER_SHARING = YES;
				GCC_INLINES_ARE_PRIVATE_EXTERN = YES;
				GCC_OPTIMIZATION_LEVEL = 0;
				GCC_PRECOMPILE_PREFIX_HEADER = YES;
				GCC_PREPROCESSOR_DEFINITIONS = (
					DEBUG,
					"FLOOR_DEBUG=1",
					"FLOOR_EXPORT=1",
					"TCC_LIB_ONLY=1",
					"FLOOR_CUDA_CL=1",
					PLATFORM_X64,
					"FLOOR_NET_PROTOCOL=TCP_protocol",
				);
				GCC_SYMBOLS_PRIVATE_EXTERN = NO;
				GCC_UNROLL_LOOPS = YES;
				GCC_WARN_64_TO_32_BIT_CONVERSION = NO;
				GCC_WARN_ABOUT_RETURN_TYPE = YES_ERROR;
				GCC_WARN_SHADOW = YES;
				GCC_WARN_UNDECLARED_SELECTOR = YES;
				GCC_WARN_UNINITIALIZED_AUTOS = YES;
				GCC_WARN_UNUSED_FUNCTION = YES;
				GCC_WARN_UNUSED_VARIABLE = YES;
				HEADER_SEARCH_PATHS = .;
				INSTALL_PATH = "@rpath";
				LD_DYLIB_INSTALL_NAME = "@rpath/$(PRODUCT_NAME).dylib";
				LD_RUNPATH_SEARCH_PATHS = "/usr/local/lib /usr/lib @loader_path/../Resources @loader_path/../Frameworks /Library/Frameworks";
				LIBRARY_SEARCH_PATHS = /usr/X11/lib;
				LLVM_VECTORIZE_LOOPS = YES;
				MACOSX_DEPLOYMENT_TARGET = 10.7;
				ONLY_ACTIVE_ARCH = YES;
				OTHER_CFLAGS = (
					"-fparse-all-comments",
					"-isystem",
					/usr/X11/include,
					"-isystem",
					/usr/include/libxml2,
					"-isystem",
					/usr/local/include,
				);
				OTHER_CPLUSPLUSFLAGS = (
					"$(OTHER_CFLAGS)",
					"-fno-elide-type",
					"-fdiagnostics-show-template-tree",
				);
				OTHER_LDFLAGS = (
					"-weak_framework",
					CUDA,
					"-lcrypto",
					"-lssl",
				);
				PRIVATE_HEADERS_FOLDER_PATH = /usr/local/include;
				PRODUCT_NAME = libfloord;
				SDKROOT = macosx;
				STRINGS_FILE_OUTPUT_ENCODING = "UTF-8";
				STRIP_STYLE = debugging;
				VALID_ARCHS = x86_64;
				WARNING_CFLAGS = (
					"-Weverything",
					"-Wno-c++98-compat",
					"-Wno-c++98-compat-pedantic",
					"-Wno-c99-extensions",
					"-Wno-header-hygiene",
					"-Wno-gnu",
					"-Wno-float-equal",
					"-Wno-documentation",
					"-Wno-system-headers",
					"-Wno-global-constructors",
					"-Wno-padded",
					"-Wno-packed",
					"-Wno-switch-enum",
					"-Wno-sign-conversion",
					"-Wno-conversion",
					"-Wno-exit-time-destructors",
					"-Wno-unknown-warning-option",
					"-Wmissing-field-initializers",
					"-Wmissing-prototypes",
					"-Wreturn-type",
					"-Woverloaded-virtual",
					"-Wmissing-braces",
					"-Wunused-function",
					"-Wunused-label",
					"-Wunused-parameter",
					"-Wunused-variable",
					"-Wuninitialized",
					"-Wunknown-pragmas",
					"-Wfour-char-constants",
					"-Wshorten-64-to-32",
					"-Wnewline-eof",
					"-Wnon-virtual-dtor",
					"-Wno-nested-anon-types",
				);
			};
			name = Debug;
		};
		5C10916117D114BC007F536E /* Release */ = {
			isa = XCBuildConfiguration;
			buildSettings = {
				ALWAYS_SEARCH_USER_PATHS = NO;
				ARCHS = "$(ARCHS_STANDARD_64_BIT)";
				CLANG_ANALYZER_SECURITY_FLOATLOOPCOUNTER = YES;
				CLANG_ANALYZER_SECURITY_INSECUREAPI_RAND = YES;
				CLANG_ANALYZER_SECURITY_INSECUREAPI_STRCPY = YES;
				CLANG_CXX_LANGUAGE_STANDARD = "c++0x";
				CLANG_CXX_LIBRARY = "libc++";
				CLANG_ENABLE_MODULES = YES;
				CLANG_ENABLE_OBJC_ARC = NO;
				CLANG_WARN_BOOL_CONVERSION = YES;
				CLANG_WARN_CONSTANT_CONVERSION = YES;
				CLANG_WARN_DIRECT_OBJC_ISA_USAGE = YES_ERROR;
				CLANG_WARN_EMPTY_BODY = YES;
				CLANG_WARN_ENUM_CONVERSION = YES;
				CLANG_WARN_INT_CONVERSION = YES;
				CLANG_WARN_OBJC_ROOT_CLASS = YES_ERROR;
				CLANG_WARN__DUPLICATE_METHOD_MATCH = YES;
				CLANG_X86_VECTOR_INSTRUCTIONS = sse4.1;
				COMBINE_HIDPI_IMAGES = YES;
				CONFIGURATION_BUILD_DIR = bin;
				COPY_PHASE_STRIP = YES;
				CURRENT_PROJECT_VERSION = 0.1;
				DEBUG_INFORMATION_FORMAT = "dwarf-with-dsym";
				DYLIB_COMPATIBILITY_VERSION = 0.1;
				DYLIB_CURRENT_VERSION = 0.1;
				ENABLE_NS_ASSERTIONS = NO;
				GCC_C_LANGUAGE_STANDARD = c11;
				GCC_ENABLE_OBJC_EXCEPTIONS = YES;
				GCC_INCREASE_PRECOMPILED_HEADER_SHARING = YES;
				GCC_INLINES_ARE_PRIVATE_EXTERN = YES;
				GCC_OPTIMIZATION_LEVEL = fast;
				GCC_PRECOMPILE_PREFIX_HEADER = YES;
				GCC_PREPROCESSOR_DEFINITIONS = (
					"FLOOR_EXPORT=1",
					"TCC_LIB_ONLY=1",
					"FLOOR_CUDA_CL=1",
					PLATFORM_X64,
					"FLOOR_NET_PROTOCOL=TCP_protocol",
				);
				GCC_UNROLL_LOOPS = YES;
				GCC_WARN_64_TO_32_BIT_CONVERSION = NO;
				GCC_WARN_ABOUT_RETURN_TYPE = YES_ERROR;
				GCC_WARN_SHADOW = YES;
				GCC_WARN_UNDECLARED_SELECTOR = YES;
				GCC_WARN_UNINITIALIZED_AUTOS = YES;
				GCC_WARN_UNUSED_FUNCTION = YES;
				GCC_WARN_UNUSED_VARIABLE = YES;
				HEADER_SEARCH_PATHS = .;
				INSTALL_PATH = "@rpath";
				LD_DYLIB_INSTALL_NAME = "@rpath/$(PRODUCT_NAME).dylib\n";
				LD_RUNPATH_SEARCH_PATHS = "/usr/local/lib /usr/lib @loader_path/../Resources @loader_path/../Frameworks /Library/Frameworks";
				LIBRARY_SEARCH_PATHS = /usr/X11/lib;
				LLVM_VECTORIZE_LOOPS = YES;
				MACOSX_DEPLOYMENT_TARGET = 10.7;
				OTHER_CFLAGS = (
					"-fparse-all-comments",
					"-isystem",
					/usr/X11/include,
					"-isystem",
					/usr/include/libxml2,
					"-isystem",
					/usr/local/include,
				);
				OTHER_CPLUSPLUSFLAGS = (
					"$(OTHER_CFLAGS)",
					"-fno-elide-type",
					"-fdiagnostics-show-template-tree",
				);
				OTHER_LDFLAGS = (
					"-weak_framework",
					CUDA,
					"-lcrypto",
					"-lssl",
				);
				PRIVATE_HEADERS_FOLDER_PATH = /usr/local/include;
				PRODUCT_NAME = libfloor;
				SDKROOT = macosx;
				STRINGS_FILE_OUTPUT_ENCODING = "UTF-8";
				STRIP_STYLE = debugging;
				VALID_ARCHS = x86_64;
				WARNING_CFLAGS = (
					"-Weverything",
					"-Wno-c++98-compat",
					"-Wno-c++98-compat-pedantic",
					"-Wno-c99-extensions",
					"-Wno-header-hygiene",
					"-Wno-gnu",
					"-Wno-float-equal",
					"-Wno-documentation",
					"-Wno-system-headers",
					"-Wno-global-constructors",
					"-Wno-padded",
					"-Wno-packed",
					"-Wno-switch-enum",
					"-Wno-sign-conversion",
					"-Wno-conversion",
					"-Wno-exit-time-destructors",
					"-Wno-unknown-warning-option",
					"-Wmissing-field-initializers",
					"-Wmissing-prototypes",
					"-Wreturn-type",
					"-Woverloaded-virtual",
					"-Wmissing-braces",
					"-Wunused-function",
					"-Wunused-label",
					"-Wunused-parameter",
					"-Wunused-variable",
					"-Wuninitialized",
					"-Wunknown-pragmas",
					"-Wfour-char-constants",
					"-Wshorten-64-to-32",
					"-Wnewline-eof",
					"-Wnon-virtual-dtor",
					"-Wno-nested-anon-types",
				);
			};
			name = Release;
		};
		5C10916317D114BC007F536E /* Debug */ = {
			isa = XCBuildConfiguration;
			buildSettings = {
			};
			name = Debug;
		};
		5C10916417D114BC007F536E /* Release */ = {
			isa = XCBuildConfiguration;
			buildSettings = {
			};
			name = Release;
		};
/* End XCBuildConfiguration section */

/* Begin XCConfigurationList section */
		5C10915917D114BC007F536E /* Build configuration list for PBXProject "floor" */ = {
			isa = XCConfigurationList;
			buildConfigurations = (
				5C10916017D114BC007F536E /* Debug */,
				5C10916117D114BC007F536E /* Release */,
			);
			defaultConfigurationIsVisible = 0;
			defaultConfigurationName = Release;
		};
		5C10916217D114BC007F536E /* Build configuration list for PBXNativeTarget "floor" */ = {
			isa = XCConfigurationList;
			buildConfigurations = (
				5C10916317D114BC007F536E /* Debug */,
				5C10916417D114BC007F536E /* Release */,
			);
			defaultConfigurationIsVisible = 0;
			defaultConfigurationName = Release;
		};
/* End XCConfigurationList section */
	};
	rootObject = 5C10915617D114BC007F536E /* Project object */;
}
